Microsoft Visual Studio Solution File, Format Version 8.00
Project("{8BC9CEB8-8B4A-11D0-8D11-00A0C91BC942}") = "LiteEditor", "LiteEditor\LiteEditor.vcproj", "{33133335-3996-408B-81E2-2FA20E5E4F64}"
	ProjectSection(ProjectDependencies) = postProject
	EndProjectSection
	ProjectSection(ProjectDependencies) = postProject
		{E8E7D604-D0FC-423A-81EF-70C182B40C14} = {E8E7D604-D0FC-423A-81EF-70C182B40C14}
		{AED4ECE5-FB94-4ABF-AC23-610876F65B56} = {AED4ECE5-FB94-4ABF-AC23-610876F65B56}
		{C441CED4-C175-4944-B4AC-775A0568ED2F} = {C441CED4-C175-4944-B4AC-775A0568ED2F}
		{DC3A9951-C351-4C62-BF0C-37F7A2178999} = {DC3A9951-C351-4C62-BF0C-37F7A2178999}
		{F9550C0D-30DA-45C5-A08F-C41B14495A08} = {F9550C0D-30DA-45C5-A08F-C41B14495A08}
	EndProjectSection
EndProject
Project("{8BC9CEB8-8B4A-11D0-8D11-00A0C91BC942}") = "CodeLite", "CodeLite\CodeLite.vcproj", "{E8E7D604-D0FC-423A-81EF-70C182B40C14}"
	ProjectSection(ProjectDependencies) = postProject
	EndProjectSection
EndProject
Project("{8BC9CEB8-8B4A-11D0-8D11-00A0C91BC942}") = "wxFlatNotebook", "sdk\wxflatnotebook\build\wxFlatNotebook\wxFlatNotebook.vcproj", "{F9550C0D-30DA-45C5-A08F-C41B14495A08}"
	ProjectSection(ProjectDependencies) = postProject
	EndProjectSection
EndProject
Project("{8BC9CEB8-8B4A-11D0-8D11-00A0C91BC942}") = "wxsqlite3", "sdk\wxsqlite3\build\wxsqlite3_wxsqlite3.vcproj", "{DC3A9951-C351-4C62-BF0C-37F7A2178999}"
	ProjectSection(ProjectDependencies) = postProject
	EndProjectSection
EndProject
Project("{8BC9CEB8-8B4A-11D0-8D11-00A0C91BC942}") = "wxscintilla", "sdk\wxscintilla\build\wxscintilla.vcproj", "{C441CED4-C175-4944-B4AC-775A0568ED2F}"
	ProjectSection(ProjectDependencies) = postProject
	EndProjectSection
EndProject
Project("{8BC9CEB8-8B4A-11D0-8D11-00A0C91BC942}") = "wxflatmenu", "sdk\wxflatmenu\wxflatmenu\wxflatmenu.vcproj", "{AED4ECE5-FB94-4ABF-AC23-610876F65B56}"
	ProjectSection(ProjectDependencies) = postProject
	EndProjectSection
EndProject
Global
	GlobalSection(SolutionConfiguration) = preSolution
		Debug = Debug
		Debug Monolithic = Debug Monolithic
		Debug Multilib = Debug Multilib
		Debug Unicode = Debug Unicode
		DebugAUI_Dev = DebugAUI_Dev
		DebugDev = DebugDev
		DebugUnicode = DebugUnicode
		DebugUniv = DebugUniv
		DLL Debug Monolithic = DLL Debug Monolithic
		DLL Debug Multilib = DLL Debug Multilib
		DLL Release Monolithic = DLL Release Monolithic
		DLL Release Multilib = DLL Release Multilib
		DLL Unicode Debug Monolithic = DLL Unicode Debug Monolithic
		DLL Unicode Debug Multilib = DLL Unicode Debug Multilib
		DLL Unicode Release Monolithic = DLL Unicode Release Monolithic
		DLL Unicode Release Multilib = DLL Unicode Release Multilib
		Release = Release
		Release Monolithic = Release Monolithic
		Release Multilib = Release Multilib
		Release Unicode = Release Unicode
		ReleaseAUI_Dev = ReleaseAUI_Dev
		ReleaseDev = ReleaseDev
		ReleaseUnicode = ReleaseUnicode
		ReleaseUniv = ReleaseUniv
		Unicode Debug Monolithic = Unicode Debug Monolithic
		Unicode Debug Multilib = Unicode Debug Multilib
		Unicode Release Monolithic = Unicode Release Monolithic
		Unicode Release Multilib = Unicode Release Multilib
	EndGlobalSection
	GlobalSection(ProjectConfiguration) = postSolution
		{33133335-3996-408B-81E2-2FA20E5E4F64}.Debug.ActiveCfg = Debug|Win32
		{33133335-3996-408B-81E2-2FA20E5E4F64}.Debug.Build.0 = Debug|Win32
		{33133335-3996-408B-81E2-2FA20E5E4F64}.Debug Monolithic.ActiveCfg = Debug Unicode|Win32
		{33133335-3996-408B-81E2-2FA20E5E4F64}.Debug Monolithic.Build.0 = Debug Unicode|Win32
		{33133335-3996-408B-81E2-2FA20E5E4F64}.Debug Multilib.ActiveCfg = Debug Unicode|Win32
		{33133335-3996-408B-81E2-2FA20E5E4F64}.Debug Multilib.Build.0 = Debug Unicode|Win32
		{33133335-3996-408B-81E2-2FA20E5E4F64}.Debug Unicode.ActiveCfg = Debug Unicode|Win32
		{33133335-3996-408B-81E2-2FA20E5E4F64}.Debug Unicode.Build.0 = Debug Unicode|Win32
		{33133335-3996-408B-81E2-2FA20E5E4F64}.DebugAUI_Dev.ActiveCfg = Debug Unicode|Win32
		{33133335-3996-408B-81E2-2FA20E5E4F64}.DebugAUI_Dev.Build.0 = Debug Unicode|Win32
		{33133335-3996-408B-81E2-2FA20E5E4F64}.DebugDev.ActiveCfg = Debug Unicode|Win32
		{33133335-3996-408B-81E2-2FA20E5E4F64}.DebugDev.Build.0 = Debug Unicode|Win32
		{33133335-3996-408B-81E2-2FA20E5E4F64}.DebugUnicode.ActiveCfg = Debug Unicode|Win32
		{33133335-3996-408B-81E2-2FA20E5E4F64}.DebugUnicode.Build.0 = Debug Unicode|Win32
		{33133335-3996-408B-81E2-2FA20E5E4F64}.DebugUniv.ActiveCfg = Debug Unicode|Win32
		{33133335-3996-408B-81E2-2FA20E5E4F64}.DebugUniv.Build.0 = Debug Unicode|Win32
		{33133335-3996-408B-81E2-2FA20E5E4F64}.DLL Debug Monolithic.ActiveCfg = Debug|Win32
		{33133335-3996-408B-81E2-2FA20E5E4F64}.DLL Debug Monolithic.Build.0 = Debug|Win32
		{33133335-3996-408B-81E2-2FA20E5E4F64}.DLL Debug Multilib.ActiveCfg = Debug|Win32
		{33133335-3996-408B-81E2-2FA20E5E4F64}.DLL Debug Multilib.Build.0 = Debug|Win32
		{33133335-3996-408B-81E2-2FA20E5E4F64}.DLL Release Monolithic.ActiveCfg = Release|Win32
		{33133335-3996-408B-81E2-2FA20E5E4F64}.DLL Release Monolithic.Build.0 = Release|Win32
		{33133335-3996-408B-81E2-2FA20E5E4F64}.DLL Release Multilib.ActiveCfg = Release|Win32
		{33133335-3996-408B-81E2-2FA20E5E4F64}.DLL Release Multilib.Build.0 = Release|Win32
		{33133335-3996-408B-81E2-2FA20E5E4F64}.DLL Unicode Debug Monolithic.ActiveCfg = Debug|Win32
		{33133335-3996-408B-81E2-2FA20E5E4F64}.DLL Unicode Debug Monolithic.Build.0 = Debug|Win32
		{33133335-3996-408B-81E2-2FA20E5E4F64}.DLL Unicode Debug Multilib.ActiveCfg = Debug|Win32
		{33133335-3996-408B-81E2-2FA20E5E4F64}.DLL Unicode Debug Multilib.Build.0 = Debug|Win32
		{33133335-3996-408B-81E2-2FA20E5E4F64}.DLL Unicode Release Monolithic.ActiveCfg = Release|Win32
		{33133335-3996-408B-81E2-2FA20E5E4F64}.DLL Unicode Release Monolithic.Build.0 = Release|Win32
		{33133335-3996-408B-81E2-2FA20E5E4F64}.DLL Unicode Release Multilib.ActiveCfg = Release|Win32
		{33133335-3996-408B-81E2-2FA20E5E4F64}.DLL Unicode Release Multilib.Build.0 = Release|Win32
		{33133335-3996-408B-81E2-2FA20E5E4F64}.Release.ActiveCfg = Release|Win32
		{33133335-3996-408B-81E2-2FA20E5E4F64}.Release.Build.0 = Release|Win32
		{33133335-3996-408B-81E2-2FA20E5E4F64}.Release Monolithic.ActiveCfg = Release Unicode|Win32
		{33133335-3996-408B-81E2-2FA20E5E4F64}.Release Monolithic.Build.0 = Release Unicode|Win32
		{33133335-3996-408B-81E2-2FA20E5E4F64}.Release Multilib.ActiveCfg = Release Unicode|Win32
		{33133335-3996-408B-81E2-2FA20E5E4F64}.Release Multilib.Build.0 = Release Unicode|Win32
		{33133335-3996-408B-81E2-2FA20E5E4F64}.Release Unicode.ActiveCfg = Release Unicode|Win32
		{33133335-3996-408B-81E2-2FA20E5E4F64}.Release Unicode.Build.0 = Release Unicode|Win32
		{33133335-3996-408B-81E2-2FA20E5E4F64}.ReleaseAUI_Dev.ActiveCfg = Release Unicode|Win32
		{33133335-3996-408B-81E2-2FA20E5E4F64}.ReleaseAUI_Dev.Build.0 = Release Unicode|Win32
		{33133335-3996-408B-81E2-2FA20E5E4F64}.ReleaseDev.ActiveCfg = Release Unicode|Win32
		{33133335-3996-408B-81E2-2FA20E5E4F64}.ReleaseDev.Build.0 = Release Unicode|Win32
		{33133335-3996-408B-81E2-2FA20E5E4F64}.ReleaseUnicode.ActiveCfg = Release Unicode|Win32
		{33133335-3996-408B-81E2-2FA20E5E4F64}.ReleaseUnicode.Build.0 = Release Unicode|Win32
		{33133335-3996-408B-81E2-2FA20E5E4F64}.ReleaseUniv.ActiveCfg = Release Unicode|Win32
		{33133335-3996-408B-81E2-2FA20E5E4F64}.ReleaseUniv.Build.0 = Release Unicode|Win32
		{33133335-3996-408B-81E2-2FA20E5E4F64}.Unicode Debug Monolithic.ActiveCfg = Debug|Win32
		{33133335-3996-408B-81E2-2FA20E5E4F64}.Unicode Debug Monolithic.Build.0 = Debug|Win32
		{33133335-3996-408B-81E2-2FA20E5E4F64}.Unicode Debug Multilib.ActiveCfg = Debug|Win32
		{33133335-3996-408B-81E2-2FA20E5E4F64}.Unicode Debug Multilib.Build.0 = Debug|Win32
		{33133335-3996-408B-81E2-2FA20E5E4F64}.Unicode Release Monolithic.ActiveCfg = Release|Win32
		{33133335-3996-408B-81E2-2FA20E5E4F64}.Unicode Release Monolithic.Build.0 = Release|Win32
		{33133335-3996-408B-81E2-2FA20E5E4F64}.Unicode Release Multilib.ActiveCfg = Release|Win32
		{33133335-3996-408B-81E2-2FA20E5E4F64}.Unicode Release Multilib.Build.0 = Release|Win32
		{E8E7D604-D0FC-423A-81EF-70C182B40C14}.Debug.ActiveCfg = Debug|Win32
		{E8E7D604-D0FC-423A-81EF-70C182B40C14}.Debug.Build.0 = Debug|Win32
		{E8E7D604-D0FC-423A-81EF-70C182B40C14}.Debug Monolithic.ActiveCfg = Debug Unicode|Win32
		{E8E7D604-D0FC-423A-81EF-70C182B40C14}.Debug Monolithic.Build.0 = Debug Unicode|Win32
		{E8E7D604-D0FC-423A-81EF-70C182B40C14}.Debug Multilib.ActiveCfg = Debug Unicode|Win32
		{E8E7D604-D0FC-423A-81EF-70C182B40C14}.Debug Multilib.Build.0 = Debug Unicode|Win32
		{E8E7D604-D0FC-423A-81EF-70C182B40C14}.Debug Unicode.ActiveCfg = Debug Unicode|Win32
		{E8E7D604-D0FC-423A-81EF-70C182B40C14}.Debug Unicode.Build.0 = Debug Unicode|Win32
		{E8E7D604-D0FC-423A-81EF-70C182B40C14}.DebugAUI_Dev.ActiveCfg = Debug Unicode|Win32
		{E8E7D604-D0FC-423A-81EF-70C182B40C14}.DebugAUI_Dev.Build.0 = Debug Unicode|Win32
		{E8E7D604-D0FC-423A-81EF-70C182B40C14}.DebugDev.ActiveCfg = Debug Unicode|Win32
		{E8E7D604-D0FC-423A-81EF-70C182B40C14}.DebugDev.Build.0 = Debug Unicode|Win32
		{E8E7D604-D0FC-423A-81EF-70C182B40C14}.DebugUnicode.ActiveCfg = Debug Unicode|Win32
		{E8E7D604-D0FC-423A-81EF-70C182B40C14}.DebugUnicode.Build.0 = Debug Unicode|Win32
		{E8E7D604-D0FC-423A-81EF-70C182B40C14}.DebugUniv.ActiveCfg = Debug Unicode|Win32
		{E8E7D604-D0FC-423A-81EF-70C182B40C14}.DebugUniv.Build.0 = Debug Unicode|Win32
		{E8E7D604-D0FC-423A-81EF-70C182B40C14}.DLL Debug Monolithic.ActiveCfg = Debug|Win32
		{E8E7D604-D0FC-423A-81EF-70C182B40C14}.DLL Debug Monolithic.Build.0 = Debug|Win32
		{E8E7D604-D0FC-423A-81EF-70C182B40C14}.DLL Debug Multilib.ActiveCfg = Debug|Win32
		{E8E7D604-D0FC-423A-81EF-70C182B40C14}.DLL Debug Multilib.Build.0 = Debug|Win32
		{E8E7D604-D0FC-423A-81EF-70C182B40C14}.DLL Release Monolithic.ActiveCfg = Release|Win32
		{E8E7D604-D0FC-423A-81EF-70C182B40C14}.DLL Release Monolithic.Build.0 = Release|Win32
		{E8E7D604-D0FC-423A-81EF-70C182B40C14}.DLL Release Multilib.ActiveCfg = Release|Win32
		{E8E7D604-D0FC-423A-81EF-70C182B40C14}.DLL Release Multilib.Build.0 = Release|Win32
		{E8E7D604-D0FC-423A-81EF-70C182B40C14}.DLL Unicode Debug Monolithic.ActiveCfg = Debug|Win32
		{E8E7D604-D0FC-423A-81EF-70C182B40C14}.DLL Unicode Debug Monolithic.Build.0 = Debug|Win32
		{E8E7D604-D0FC-423A-81EF-70C182B40C14}.DLL Unicode Debug Multilib.ActiveCfg = Debug|Win32
		{E8E7D604-D0FC-423A-81EF-70C182B40C14}.DLL Unicode Debug Multilib.Build.0 = Debug|Win32
		{E8E7D604-D0FC-423A-81EF-70C182B40C14}.DLL Unicode Release Monolithic.ActiveCfg = Release|Win32
		{E8E7D604-D0FC-423A-81EF-70C182B40C14}.DLL Unicode Release Monolithic.Build.0 = Release|Win32
		{E8E7D604-D0FC-423A-81EF-70C182B40C14}.DLL Unicode Release Multilib.ActiveCfg = Release|Win32
		{E8E7D604-D0FC-423A-81EF-70C182B40C14}.DLL Unicode Release Multilib.Build.0 = Release|Win32
		{E8E7D604-D0FC-423A-81EF-70C182B40C14}.Release.ActiveCfg = Release|Win32
		{E8E7D604-D0FC-423A-81EF-70C182B40C14}.Release.Build.0 = Release|Win32
		{E8E7D604-D0FC-423A-81EF-70C182B40C14}.Release Monolithic.ActiveCfg = Release Unicode|Win32
		{E8E7D604-D0FC-423A-81EF-70C182B40C14}.Release Monolithic.Build.0 = Release Unicode|Win32
		{E8E7D604-D0FC-423A-81EF-70C182B40C14}.Release Multilib.ActiveCfg = Release Unicode|Win32
		{E8E7D604-D0FC-423A-81EF-70C182B40C14}.Release Multilib.Build.0 = Release Unicode|Win32
		{E8E7D604-D0FC-423A-81EF-70C182B40C14}.Release Unicode.ActiveCfg = Release Unicode|Win32
		{E8E7D604-D0FC-423A-81EF-70C182B40C14}.Release Unicode.Build.0 = Release Unicode|Win32
		{E8E7D604-D0FC-423A-81EF-70C182B40C14}.ReleaseAUI_Dev.ActiveCfg = Release Unicode|Win32
		{E8E7D604-D0FC-423A-81EF-70C182B40C14}.ReleaseAUI_Dev.Build.0 = Release Unicode|Win32
		{E8E7D604-D0FC-423A-81EF-70C182B40C14}.ReleaseDev.ActiveCfg = Release Unicode|Win32
		{E8E7D604-D0FC-423A-81EF-70C182B40C14}.ReleaseDev.Build.0 = Release Unicode|Win32
		{E8E7D604-D0FC-423A-81EF-70C182B40C14}.ReleaseUnicode.ActiveCfg = Release Unicode|Win32
		{E8E7D604-D0FC-423A-81EF-70C182B40C14}.ReleaseUnicode.Build.0 = Release Unicode|Win32
		{E8E7D604-D0FC-423A-81EF-70C182B40C14}.ReleaseUniv.ActiveCfg = Release Unicode|Win32
		{E8E7D604-D0FC-423A-81EF-70C182B40C14}.ReleaseUniv.Build.0 = Release Unicode|Win32
		{E8E7D604-D0FC-423A-81EF-70C182B40C14}.Unicode Debug Monolithic.ActiveCfg = Debug|Win32
		{E8E7D604-D0FC-423A-81EF-70C182B40C14}.Unicode Debug Monolithic.Build.0 = Debug|Win32
		{E8E7D604-D0FC-423A-81EF-70C182B40C14}.Unicode Debug Multilib.ActiveCfg = Debug|Win32
		{E8E7D604-D0FC-423A-81EF-70C182B40C14}.Unicode Debug Multilib.Build.0 = Debug|Win32
		{E8E7D604-D0FC-423A-81EF-70C182B40C14}.Unicode Release Monolithic.ActiveCfg = Release|Win32
		{E8E7D604-D0FC-423A-81EF-70C182B40C14}.Unicode Release Monolithic.Build.0 = Release|Win32
		{E8E7D604-D0FC-423A-81EF-70C182B40C14}.Unicode Release Multilib.ActiveCfg = Release|Win32
		{E8E7D604-D0FC-423A-81EF-70C182B40C14}.Unicode Release Multilib.Build.0 = Release|Win32
		{F9550C0D-30DA-45C5-A08F-C41B14495A08}.Debug.ActiveCfg = Debug|Win32
		{F9550C0D-30DA-45C5-A08F-C41B14495A08}.Debug.Build.0 = Debug|Win32
		{F9550C0D-30DA-45C5-A08F-C41B14495A08}.Debug Monolithic.ActiveCfg = Debug Unicode|Win32
		{F9550C0D-30DA-45C5-A08F-C41B14495A08}.Debug Monolithic.Build.0 = Debug Unicode|Win32
		{F9550C0D-30DA-45C5-A08F-C41B14495A08}.Debug Multilib.ActiveCfg = Debug Unicode|Win32
		{F9550C0D-30DA-45C5-A08F-C41B14495A08}.Debug Multilib.Build.0 = Debug Unicode|Win32
		{F9550C0D-30DA-45C5-A08F-C41B14495A08}.Debug Unicode.ActiveCfg = Debug Unicode|Win32
		{F9550C0D-30DA-45C5-A08F-C41B14495A08}.Debug Unicode.Build.0 = Debug Unicode|Win32
		{F9550C0D-30DA-45C5-A08F-C41B14495A08}.DebugAUI_Dev.ActiveCfg = Debug Unicode|Win32
		{F9550C0D-30DA-45C5-A08F-C41B14495A08}.DebugAUI_Dev.Build.0 = Debug Unicode|Win32
		{F9550C0D-30DA-45C5-A08F-C41B14495A08}.DebugDev.ActiveCfg = Debug Unicode|Win32
		{F9550C0D-30DA-45C5-A08F-C41B14495A08}.DebugDev.Build.0 = Debug Unicode|Win32
		{F9550C0D-30DA-45C5-A08F-C41B14495A08}.DebugUnicode.ActiveCfg = Debug Unicode|Win32
		{F9550C0D-30DA-45C5-A08F-C41B14495A08}.DebugUnicode.Build.0 = Debug Unicode|Win32
		{F9550C0D-30DA-45C5-A08F-C41B14495A08}.DebugUniv.ActiveCfg = Debug Unicode|Win32
		{F9550C0D-30DA-45C5-A08F-C41B14495A08}.DebugUniv.Build.0 = Debug Unicode|Win32
		{F9550C0D-30DA-45C5-A08F-C41B14495A08}.DLL Debug Monolithic.ActiveCfg = Debug|Win32
		{F9550C0D-30DA-45C5-A08F-C41B14495A08}.DLL Debug Monolithic.Build.0 = Debug|Win32
		{F9550C0D-30DA-45C5-A08F-C41B14495A08}.DLL Debug Multilib.ActiveCfg = Debug|Win32
		{F9550C0D-30DA-45C5-A08F-C41B14495A08}.DLL Debug Multilib.Build.0 = Debug|Win32
		{F9550C0D-30DA-45C5-A08F-C41B14495A08}.DLL Release Monolithic.ActiveCfg = Release|Win32
		{F9550C0D-30DA-45C5-A08F-C41B14495A08}.DLL Release Monolithic.Build.0 = Release|Win32
		{F9550C0D-30DA-45C5-A08F-C41B14495A08}.DLL Release Multilib.ActiveCfg = Release|Win32
		{F9550C0D-30DA-45C5-A08F-C41B14495A08}.DLL Release Multilib.Build.0 = Release|Win32
		{F9550C0D-30DA-45C5-A08F-C41B14495A08}.DLL Unicode Debug Monolithic.ActiveCfg = Debug|Win32
		{F9550C0D-30DA-45C5-A08F-C41B14495A08}.DLL Unicode Debug Monolithic.Build.0 = Debug|Win32
		{F9550C0D-30DA-45C5-A08F-C41B14495A08}.DLL Unicode Debug Multilib.ActiveCfg = Debug|Win32
		{F9550C0D-30DA-45C5-A08F-C41B14495A08}.DLL Unicode Debug Multilib.Build.0 = Debug|Win32
		{F9550C0D-30DA-45C5-A08F-C41B14495A08}.DLL Unicode Release Monolithic.ActiveCfg = Release|Win32
		{F9550C0D-30DA-45C5-A08F-C41B14495A08}.DLL Unicode Release Monolithic.Build.0 = Release|Win32
		{F9550C0D-30DA-45C5-A08F-C41B14495A08}.DLL Unicode Release Multilib.ActiveCfg = Release|Win32
		{F9550C0D-30DA-45C5-A08F-C41B14495A08}.DLL Unicode Release Multilib.Build.0 = Release|Win32
		{F9550C0D-30DA-45C5-A08F-C41B14495A08}.Release.ActiveCfg = Release|Win32
		{F9550C0D-30DA-45C5-A08F-C41B14495A08}.Release.Build.0 = Release|Win32
		{F9550C0D-30DA-45C5-A08F-C41B14495A08}.Release Monolithic.ActiveCfg = Release Unicode|Win32
		{F9550C0D-30DA-45C5-A08F-C41B14495A08}.Release Monolithic.Build.0 = Release Unicode|Win32
		{F9550C0D-30DA-45C5-A08F-C41B14495A08}.Release Multilib.ActiveCfg = Release Unicode|Win32
		{F9550C0D-30DA-45C5-A08F-C41B14495A08}.Release Multilib.Build.0 = Release Unicode|Win32
		{F9550C0D-30DA-45C5-A08F-C41B14495A08}.Release Unicode.ActiveCfg = Release Unicode|Win32
		{F9550C0D-30DA-45C5-A08F-C41B14495A08}.Release Unicode.Build.0 = Release Unicode|Win32
		{F9550C0D-30DA-45C5-A08F-C41B14495A08}.ReleaseAUI_Dev.ActiveCfg = Release Unicode|Win32
		{F9550C0D-30DA-45C5-A08F-C41B14495A08}.ReleaseAUI_Dev.Build.0 = Release Unicode|Win32
		{F9550C0D-30DA-45C5-A08F-C41B14495A08}.ReleaseDev.ActiveCfg = Release Unicode|Win32
		{F9550C0D-30DA-45C5-A08F-C41B14495A08}.ReleaseDev.Build.0 = Release Unicode|Win32
		{F9550C0D-30DA-45C5-A08F-C41B14495A08}.ReleaseUnicode.ActiveCfg = Release Unicode|Win32
		{F9550C0D-30DA-45C5-A08F-C41B14495A08}.ReleaseUnicode.Build.0 = Release Unicode|Win32
		{F9550C0D-30DA-45C5-A08F-C41B14495A08}.ReleaseUniv.ActiveCfg = Release Unicode|Win32
		{F9550C0D-30DA-45C5-A08F-C41B14495A08}.ReleaseUniv.Build.0 = Release Unicode|Win32
		{F9550C0D-30DA-45C5-A08F-C41B14495A08}.Unicode Debug Monolithic.ActiveCfg = Debug|Win32
		{F9550C0D-30DA-45C5-A08F-C41B14495A08}.Unicode Debug Monolithic.Build.0 = Debug|Win32
		{F9550C0D-30DA-45C5-A08F-C41B14495A08}.Unicode Debug Multilib.ActiveCfg = Debug|Win32
		{F9550C0D-30DA-45C5-A08F-C41B14495A08}.Unicode Debug Multilib.Build.0 = Debug|Win32
		{F9550C0D-30DA-45C5-A08F-C41B14495A08}.Unicode Release Monolithic.ActiveCfg = Release|Win32
		{F9550C0D-30DA-45C5-A08F-C41B14495A08}.Unicode Release Monolithic.Build.0 = Release|Win32
		{F9550C0D-30DA-45C5-A08F-C41B14495A08}.Unicode Release Multilib.ActiveCfg = Release|Win32
		{F9550C0D-30DA-45C5-A08F-C41B14495A08}.Unicode Release Multilib.Build.0 = Release|Win32
		{DC3A9951-C351-4C62-BF0C-37F7A2178999}.Debug.ActiveCfg = Debug Monolithic|Win32
		{DC3A9951-C351-4C62-BF0C-37F7A2178999}.Debug.Build.0 = Debug Monolithic|Win32
		{DC3A9951-C351-4C62-BF0C-37F7A2178999}.Debug Monolithic.ActiveCfg = Debug Monolithic|Win32
		{DC3A9951-C351-4C62-BF0C-37F7A2178999}.Debug Monolithic.Build.0 = Debug Monolithic|Win32
		{DC3A9951-C351-4C62-BF0C-37F7A2178999}.Debug Multilib.ActiveCfg = Debug Multilib|Win32
		{DC3A9951-C351-4C62-BF0C-37F7A2178999}.Debug Multilib.Build.0 = Debug Multilib|Win32
		{DC3A9951-C351-4C62-BF0C-37F7A2178999}.Debug Unicode.ActiveCfg = Debug Monolithic|Win32
		{DC3A9951-C351-4C62-BF0C-37F7A2178999}.Debug Unicode.Build.0 = Debug Monolithic|Win32
		{DC3A9951-C351-4C62-BF0C-37F7A2178999}.DebugAUI_Dev.ActiveCfg = Debug Monolithic|Win32
		{DC3A9951-C351-4C62-BF0C-37F7A2178999}.DebugAUI_Dev.Build.0 = Debug Monolithic|Win32
		{DC3A9951-C351-4C62-BF0C-37F7A2178999}.DebugDev.ActiveCfg = Debug Monolithic|Win32
		{DC3A9951-C351-4C62-BF0C-37F7A2178999}.DebugDev.Build.0 = Debug Monolithic|Win32
		{DC3A9951-C351-4C62-BF0C-37F7A2178999}.DebugUnicode.ActiveCfg = Debug Monolithic|Win32
		{DC3A9951-C351-4C62-BF0C-37F7A2178999}.DebugUnicode.Build.0 = Debug Monolithic|Win32
		{DC3A9951-C351-4C62-BF0C-37F7A2178999}.DebugUniv.ActiveCfg = Debug Monolithic|Win32
		{DC3A9951-C351-4C62-BF0C-37F7A2178999}.DebugUniv.Build.0 = Debug Monolithic|Win32
		{DC3A9951-C351-4C62-BF0C-37F7A2178999}.DLL Debug Monolithic.ActiveCfg = DLL Debug Monolithic|Win32
		{DC3A9951-C351-4C62-BF0C-37F7A2178999}.DLL Debug Monolithic.Build.0 = DLL Debug Monolithic|Win32
		{DC3A9951-C351-4C62-BF0C-37F7A2178999}.DLL Debug Multilib.ActiveCfg = DLL Debug Multilib|Win32
		{DC3A9951-C351-4C62-BF0C-37F7A2178999}.DLL Debug Multilib.Build.0 = DLL Debug Multilib|Win32
		{DC3A9951-C351-4C62-BF0C-37F7A2178999}.DLL Release Monolithic.ActiveCfg = DLL Release Monolithic|Win32
		{DC3A9951-C351-4C62-BF0C-37F7A2178999}.DLL Release Monolithic.Build.0 = DLL Release Monolithic|Win32
		{DC3A9951-C351-4C62-BF0C-37F7A2178999}.DLL Release Multilib.ActiveCfg = DLL Release Multilib|Win32
		{DC3A9951-C351-4C62-BF0C-37F7A2178999}.DLL Release Multilib.Build.0 = DLL Release Multilib|Win32
		{DC3A9951-C351-4C62-BF0C-37F7A2178999}.DLL Unicode Debug Monolithic.ActiveCfg = DLL Unicode Debug Monolithic|Win32
		{DC3A9951-C351-4C62-BF0C-37F7A2178999}.DLL Unicode Debug Monolithic.Build.0 = DLL Unicode Debug Monolithic|Win32
		{DC3A9951-C351-4C62-BF0C-37F7A2178999}.DLL Unicode Debug Multilib.ActiveCfg = DLL Unicode Debug Multilib|Win32
		{DC3A9951-C351-4C62-BF0C-37F7A2178999}.DLL Unicode Debug Multilib.Build.0 = DLL Unicode Debug Multilib|Win32
		{DC3A9951-C351-4C62-BF0C-37F7A2178999}.DLL Unicode Release Monolithic.ActiveCfg = DLL Unicode Release Monolithic|Win32
		{DC3A9951-C351-4C62-BF0C-37F7A2178999}.DLL Unicode Release Monolithic.Build.0 = DLL Unicode Release Monolithic|Win32
		{DC3A9951-C351-4C62-BF0C-37F7A2178999}.DLL Unicode Release Multilib.ActiveCfg = DLL Unicode Release Multilib|Win32
		{DC3A9951-C351-4C62-BF0C-37F7A2178999}.DLL Unicode Release Multilib.Build.0 = DLL Unicode Release Multilib|Win32
		{DC3A9951-C351-4C62-BF0C-37F7A2178999}.Release.ActiveCfg = DLL Release Monolithic|Win32
		{DC3A9951-C351-4C62-BF0C-37F7A2178999}.Release.Build.0 = DLL Release Monolithic|Win32
		{DC3A9951-C351-4C62-BF0C-37F7A2178999}.Release Monolithic.ActiveCfg = Release Monolithic|Win32
		{DC3A9951-C351-4C62-BF0C-37F7A2178999}.Release Monolithic.Build.0 = Release Monolithic|Win32
		{DC3A9951-C351-4C62-BF0C-37F7A2178999}.Release Multilib.ActiveCfg = Release Multilib|Win32
		{DC3A9951-C351-4C62-BF0C-37F7A2178999}.Release Multilib.Build.0 = Release Multilib|Win32
		{DC3A9951-C351-4C62-BF0C-37F7A2178999}.Release Unicode.ActiveCfg = Release Multilib|Win32
		{DC3A9951-C351-4C62-BF0C-37F7A2178999}.Release Unicode.Build.0 = Release Multilib|Win32
		{DC3A9951-C351-4C62-BF0C-37F7A2178999}.ReleaseAUI_Dev.ActiveCfg = Release Multilib|Win32
		{DC3A9951-C351-4C62-BF0C-37F7A2178999}.ReleaseAUI_Dev.Build.0 = Release Multilib|Win32
		{DC3A9951-C351-4C62-BF0C-37F7A2178999}.ReleaseDev.ActiveCfg = Release Multilib|Win32
		{DC3A9951-C351-4C62-BF0C-37F7A2178999}.ReleaseDev.Build.0 = Release Multilib|Win32
		{DC3A9951-C351-4C62-BF0C-37F7A2178999}.ReleaseUnicode.ActiveCfg = Release Multilib|Win32
		{DC3A9951-C351-4C62-BF0C-37F7A2178999}.ReleaseUnicode.Build.0 = Release Multilib|Win32
		{DC3A9951-C351-4C62-BF0C-37F7A2178999}.ReleaseUniv.ActiveCfg = Release Multilib|Win32
		{DC3A9951-C351-4C62-BF0C-37F7A2178999}.ReleaseUniv.Build.0 = Release Multilib|Win32
		{DC3A9951-C351-4C62-BF0C-37F7A2178999}.Unicode Debug Monolithic.ActiveCfg = Unicode Debug Monolithic|Win32
		{DC3A9951-C351-4C62-BF0C-37F7A2178999}.Unicode Debug Monolithic.Build.0 = Unicode Debug Monolithic|Win32
		{DC3A9951-C351-4C62-BF0C-37F7A2178999}.Unicode Debug Multilib.ActiveCfg = Unicode Debug Multilib|Win32
		{DC3A9951-C351-4C62-BF0C-37F7A2178999}.Unicode Debug Multilib.Build.0 = Unicode Debug Multilib|Win32
		{DC3A9951-C351-4C62-BF0C-37F7A2178999}.Unicode Release Monolithic.ActiveCfg = Unicode Release Monolithic|Win32
		{DC3A9951-C351-4C62-BF0C-37F7A2178999}.Unicode Release Monolithic.Build.0 = Unicode Release Monolithic|Win32
		{DC3A9951-C351-4C62-BF0C-37F7A2178999}.Unicode Release Multilib.ActiveCfg = Unicode Release Multilib|Win32
		{DC3A9951-C351-4C62-BF0C-37F7A2178999}.Unicode Release Multilib.Build.0 = Unicode Release Multilib|Win32
		{C441CED4-C175-4944-B4AC-775A0568ED2F}.Debug.ActiveCfg = Debug|Win32
		{C441CED4-C175-4944-B4AC-775A0568ED2F}.Debug.Build.0 = Debug|Win32
		{C441CED4-C175-4944-B4AC-775A0568ED2F}.Debug Monolithic.ActiveCfg = Debug|Win32
		{C441CED4-C175-4944-B4AC-775A0568ED2F}.Debug Monolithic.Build.0 = Debug|Win32
		{C441CED4-C175-4944-B4AC-775A0568ED2F}.Debug Multilib.ActiveCfg = Debug|Win32
		{C441CED4-C175-4944-B4AC-775A0568ED2F}.Debug Multilib.Build.0 = Debug|Win32
		{C441CED4-C175-4944-B4AC-775A0568ED2F}.Debug Unicode.ActiveCfg = Debug|Win32
		{C441CED4-C175-4944-B4AC-775A0568ED2F}.Debug Unicode.Build.0 = Debug|Win32
		{C441CED4-C175-4944-B4AC-775A0568ED2F}.DebugAUI_Dev.ActiveCfg = Debug|Win32
		{C441CED4-C175-4944-B4AC-775A0568ED2F}.DebugAUI_Dev.Build.0 = Debug|Win32
		{C441CED4-C175-4944-B4AC-775A0568ED2F}.DebugDev.ActiveCfg = DebugDev|Win32
		{C441CED4-C175-4944-B4AC-775A0568ED2F}.DebugDev.Build.0 = DebugDev|Win32
		{C441CED4-C175-4944-B4AC-775A0568ED2F}.DebugUnicode.ActiveCfg = DebugUnicode|Win32
		{C441CED4-C175-4944-B4AC-775A0568ED2F}.DebugUnicode.Build.0 = DebugUnicode|Win32
		{C441CED4-C175-4944-B4AC-775A0568ED2F}.DebugUniv.ActiveCfg = DebugUniv|Win32
		{C441CED4-C175-4944-B4AC-775A0568ED2F}.DebugUniv.Build.0 = DebugUniv|Win32
		{C441CED4-C175-4944-B4AC-775A0568ED2F}.DLL Debug Monolithic.ActiveCfg = Debug|Win32
		{C441CED4-C175-4944-B4AC-775A0568ED2F}.DLL Debug Monolithic.Build.0 = Debug|Win32
		{C441CED4-C175-4944-B4AC-775A0568ED2F}.DLL Debug Multilib.ActiveCfg = Debug|Win32
		{C441CED4-C175-4944-B4AC-775A0568ED2F}.DLL Debug Multilib.Build.0 = Debug|Win32
		{C441CED4-C175-4944-B4AC-775A0568ED2F}.DLL Release Monolithic.ActiveCfg = Release|Win32
		{C441CED4-C175-4944-B4AC-775A0568ED2F}.DLL Release Monolithic.Build.0 = Release|Win32
		{C441CED4-C175-4944-B4AC-775A0568ED2F}.DLL Release Multilib.ActiveCfg = Release|Win32
		{C441CED4-C175-4944-B4AC-775A0568ED2F}.DLL Release Multilib.Build.0 = Release|Win32
		{C441CED4-C175-4944-B4AC-775A0568ED2F}.DLL Unicode Debug Monolithic.ActiveCfg = Debug|Win32
		{C441CED4-C175-4944-B4AC-775A0568ED2F}.DLL Unicode Debug Monolithic.Build.0 = Debug|Win32
		{C441CED4-C175-4944-B4AC-775A0568ED2F}.DLL Unicode Debug Multilib.ActiveCfg = Debug|Win32
		{C441CED4-C175-4944-B4AC-775A0568ED2F}.DLL Unicode Debug Multilib.Build.0 = Debug|Win32
		{C441CED4-C175-4944-B4AC-775A0568ED2F}.DLL Unicode Release Monolithic.ActiveCfg = Release|Win32
		{C441CED4-C175-4944-B4AC-775A0568ED2F}.DLL Unicode Release Monolithic.Build.0 = Release|Win32
		{C441CED4-C175-4944-B4AC-775A0568ED2F}.DLL Unicode Release Multilib.ActiveCfg = Release|Win32
		{C441CED4-C175-4944-B4AC-775A0568ED2F}.DLL Unicode Release Multilib.Build.0 = Release|Win32
		{C441CED4-C175-4944-B4AC-775A0568ED2F}.Release.ActiveCfg = Release|Win32
		{C441CED4-C175-4944-B4AC-775A0568ED2F}.Release.Build.0 = Release|Win32
		{C441CED4-C175-4944-B4AC-775A0568ED2F}.Release Monolithic.ActiveCfg = Release|Win32
		{C441CED4-C175-4944-B4AC-775A0568ED2F}.Release Monolithic.Build.0 = Release|Win32
		{C441CED4-C175-4944-B4AC-775A0568ED2F}.Release Multilib.ActiveCfg = Release|Win32
		{C441CED4-C175-4944-B4AC-775A0568ED2F}.Release Multilib.Build.0 = Release|Win32
		{C441CED4-C175-4944-B4AC-775A0568ED2F}.Release Unicode.ActiveCfg = Release|Win32
		{C441CED4-C175-4944-B4AC-775A0568ED2F}.Release Unicode.Build.0 = Release|Win32
		{C441CED4-C175-4944-B4AC-775A0568ED2F}.ReleaseAUI_Dev.ActiveCfg = ReleaseUnicode|Win32
		{C441CED4-C175-4944-B4AC-775A0568ED2F}.ReleaseAUI_Dev.Build.0 = ReleaseUnicode|Win32
		{C441CED4-C175-4944-B4AC-775A0568ED2F}.ReleaseDev.ActiveCfg = ReleaseDev|Win32
		{C441CED4-C175-4944-B4AC-775A0568ED2F}.ReleaseDev.Build.0 = ReleaseDev|Win32
		{C441CED4-C175-4944-B4AC-775A0568ED2F}.ReleaseUnicode.ActiveCfg = ReleaseUnicode|Win32
		{C441CED4-C175-4944-B4AC-775A0568ED2F}.ReleaseUnicode.Build.0 = ReleaseUnicode|Win32
		{C441CED4-C175-4944-B4AC-775A0568ED2F}.ReleaseUniv.ActiveCfg = ReleaseUniv|Win32
		{C441CED4-C175-4944-B4AC-775A0568ED2F}.ReleaseUniv.Build.0 = ReleaseUniv|Win32
		{C441CED4-C175-4944-B4AC-775A0568ED2F}.Unicode Debug Monolithic.ActiveCfg = Debug|Win32
		{C441CED4-C175-4944-B4AC-775A0568ED2F}.Unicode Debug Monolithic.Build.0 = Debug|Win32
		{C441CED4-C175-4944-B4AC-775A0568ED2F}.Unicode Debug Multilib.ActiveCfg = Debug|Win32
		{C441CED4-C175-4944-B4AC-775A0568ED2F}.Unicode Debug Multilib.Build.0 = Debug|Win32
		{C441CED4-C175-4944-B4AC-775A0568ED2F}.Unicode Release Monolithic.ActiveCfg = Release|Win32
		{C441CED4-C175-4944-B4AC-775A0568ED2F}.Unicode Release Monolithic.Build.0 = Release|Win32
		{C441CED4-C175-4944-B4AC-775A0568ED2F}.Unicode Release Multilib.ActiveCfg = Release|Win32
		{C441CED4-C175-4944-B4AC-775A0568ED2F}.Unicode Release Multilib.Build.0 = Release|Win32
		{AED4ECE5-FB94-4ABF-AC23-610876F65B56}.Debug.ActiveCfg = Debug|Win32
		{AED4ECE5-FB94-4ABF-AC23-610876F65B56}.Debug.Build.0 = Debug|Win32
		{AED4ECE5-FB94-4ABF-AC23-610876F65B56}.Debug Monolithic.ActiveCfg = Debug|Win32
		{AED4ECE5-FB94-4ABF-AC23-610876F65B56}.Debug Monolithic.Build.0 = Debug|Win32
		{AED4ECE5-FB94-4ABF-AC23-610876F65B56}.Debug Multilib.ActiveCfg = Debug|Win32
		{AED4ECE5-FB94-4ABF-AC23-610876F65B56}.Debug Multilib.Build.0 = Debug|Win32
		{AED4ECE5-FB94-4ABF-AC23-610876F65B56}.Debug Unicode.ActiveCfg = Debug|Win32
		{AED4ECE5-FB94-4ABF-AC23-610876F65B56}.Debug Unicode.Build.0 = Debug|Win32
		{AED4ECE5-FB94-4ABF-AC23-610876F65B56}.DebugAUI_Dev.ActiveCfg = DebugAUI_Dev|Win32
		{AED4ECE5-FB94-4ABF-AC23-610876F65B56}.DebugAUI_Dev.Build.0 = DebugAUI_Dev|Win32
		{AED4ECE5-FB94-4ABF-AC23-610876F65B56}.DebugDev.ActiveCfg = DebugDev|Win32
		{AED4ECE5-FB94-4ABF-AC23-610876F65B56}.DebugDev.Build.0 = DebugDev|Win32
		{AED4ECE5-FB94-4ABF-AC23-610876F65B56}.DebugUnicode.ActiveCfg = DebugUnicode|Win32
		{AED4ECE5-FB94-4ABF-AC23-610876F65B56}.DebugUnicode.Build.0 = DebugUnicode|Win32
		{AED4ECE5-FB94-4ABF-AC23-610876F65B56}.DebugUniv.ActiveCfg = DebugUnicode|Win32
		{AED4ECE5-FB94-4ABF-AC23-610876F65B56}.DebugUniv.Build.0 = DebugUnicode|Win32
		{AED4ECE5-FB94-4ABF-AC23-610876F65B56}.DLL Debug Monolithic.ActiveCfg = Debug|Win32
		{AED4ECE5-FB94-4ABF-AC23-610876F65B56}.DLL Debug Monolithic.Build.0 = Debug|Win32
		{AED4ECE5-FB94-4ABF-AC23-610876F65B56}.DLL Debug Multilib.ActiveCfg = Debug|Win32
		{AED4ECE5-FB94-4ABF-AC23-610876F65B56}.DLL Debug Multilib.Build.0 = Debug|Win32
		{AED4ECE5-FB94-4ABF-AC23-610876F65B56}.DLL Release Monolithic.ActiveCfg = Release|Win32
		{AED4ECE5-FB94-4ABF-AC23-610876F65B56}.DLL Release Monolithic.Build.0 = Release|Win32
		{AED4ECE5-FB94-4ABF-AC23-610876F65B56}.DLL Release Multilib.ActiveCfg = Release|Win32
		{AED4ECE5-FB94-4ABF-AC23-610876F65B56}.DLL Release Multilib.Build.0 = Release|Win32
		{AED4ECE5-FB94-4ABF-AC23-610876F65B56}.DLL Unicode Debug Monolithic.ActiveCfg = Debug|Win32
		{AED4ECE5-FB94-4ABF-AC23-610876F65B56}.DLL Unicode Debug Monolithic.Build.0 = Debug|Win32
		{AED4ECE5-FB94-4ABF-AC23-610876F65B56}.DLL Unicode Debug Multilib.ActiveCfg = Debug|Win32
		{AED4ECE5-FB94-4ABF-AC23-610876F65B56}.DLL Unicode Debug Multilib.Build.0 = Debug|Win32
		{AED4ECE5-FB94-4ABF-AC23-610876F65B56}.DLL Unicode Release Monolithic.ActiveCfg = Release|Win32
		{AED4ECE5-FB94-4ABF-AC23-610876F65B56}.DLL Unicode Release Monolithic.Build.0 = Release|Win32
		{AED4ECE5-FB94-4ABF-AC23-610876F65B56}.DLL Unicode Release Multilib.ActiveCfg = Release|Win32
		{AED4ECE5-FB94-4ABF-AC23-610876F65B56}.DLL Unicode Release Multilib.Build.0 = Release|Win32
		{AED4ECE5-FB94-4ABF-AC23-610876F65B56}.Release.ActiveCfg = Release|Win32
		{AED4ECE5-FB94-4ABF-AC23-610876F65B56}.Release.Build.0 = Release|Win32
		{AED4ECE5-FB94-4ABF-AC23-610876F65B56}.Release Monolithic.ActiveCfg = Release Unicode|Win32
		{AED4ECE5-FB94-4ABF-AC23-610876F65B56}.Release Monolithic.Build.0 = Release Unicode|Win32
		{AED4ECE5-FB94-4ABF-AC23-610876F65B56}.Release Multilib.ActiveCfg = Release Unicode|Win32
		{AED4ECE5-FB94-4ABF-AC23-610876F65B56}.Release Multilib.Build.0 = Release Unicode|Win32
		{AED4ECE5-FB94-4ABF-AC23-610876F65B56}.Release Unicode.ActiveCfg = Release Unicode|Win32
		{AED4ECE5-FB94-4ABF-AC23-610876F65B56}.Release Unicode.Build.0 = Release Unicode|Win32
		{AED4ECE5-FB94-4ABF-AC23-610876F65B56}.ReleaseAUI_Dev.ActiveCfg = ReleaseAUI_Dev|Win32
		{AED4ECE5-FB94-4ABF-AC23-610876F65B56}.ReleaseAUI_Dev.Build.0 = ReleaseAUI_Dev|Win32
		{AED4ECE5-FB94-4ABF-AC23-610876F65B56}.ReleaseDev.ActiveCfg = ReleaseDev|Win32
		{AED4ECE5-FB94-4ABF-AC23-610876F65B56}.ReleaseDev.Build.0 = ReleaseDev|Win32
		{AED4ECE5-FB94-4ABF-AC23-610876F65B56}.ReleaseUnicode.ActiveCfg = Release Unicode|Win32
		{AED4ECE5-FB94-4ABF-AC23-610876F65B56}.ReleaseUnicode.Build.0 = Release Unicode|Win32
		{AED4ECE5-FB94-4ABF-AC23-610876F65B56}.ReleaseUniv.ActiveCfg = Release Unicode|Win32
		{AED4ECE5-FB94-4ABF-AC23-610876F65B56}.ReleaseUniv.Build.0 = Release Unicode|Win32
		{AED4ECE5-FB94-4ABF-AC23-610876F65B56}.Unicode Debug Monolithic.ActiveCfg = Debug|Win32
		{AED4ECE5-FB94-4ABF-AC23-610876F65B56}.Unicode Debug Monolithic.Build.0 = Debug|Win32
		{AED4ECE5-FB94-4ABF-AC23-610876F65B56}.Unicode Debug Multilib.ActiveCfg = Debug|Win32
		{AED4ECE5-FB94-4ABF-AC23-610876F65B56}.Unicode Debug Multilib.Build.0 = Debug|Win32
		{AED4ECE5-FB94-4ABF-AC23-610876F65B56}.Unicode Release Monolithic.ActiveCfg = Release|Win32
		{AED4ECE5-FB94-4ABF-AC23-610876F65B56}.Unicode Release Monolithic.Build.0 = Release|Win32
		{AED4ECE5-FB94-4ABF-AC23-610876F65B56}.Unicode Release Multilib.ActiveCfg = Release|Win32
		{AED4ECE5-FB94-4ABF-AC23-610876F65B56}.Unicode Release Multilib.Build.0 = Release|Win32
	EndGlobalSection
	GlobalSection(ExtensibilityGlobals) = postSolution
	EndGlobalSection
	GlobalSection(ExtensibilityAddIns) = postSolution
	EndGlobalSection
	GlobalSection(SolutionConfigurationPlatforms) = preSolution
		Debug Unicode|Win32 = Debug Unicode|Win32
		Debug|Win32 = Debug|Win32
		Release Unicode|Win32 = Release Unicode|Win32
		Release|Win32 = Release|Win32
	EndGlobalSection
	GlobalSection(ProjectConfigurationPlatforms) = postSolution
		{33133335-3996-408B-81E2-2FA20E5E4F64}.Debug Unicode|Win32.ActiveCfg = Debug Unicode|Win32
		{33133335-3996-408B-81E2-2FA20E5E4F64}.Debug Unicode|Win32.Build.0 = Debug Unicode|Win32
		{33133335-3996-408B-81E2-2FA20E5E4F64}.Debug|Win32.ActiveCfg = Debug|Win32
		{33133335-3996-408B-81E2-2FA20E5E4F64}.Debug|Win32.Build.0 = Debug|Win32
		{33133335-3996-408B-81E2-2FA20E5E4F64}.Release Unicode|Win32.ActiveCfg = Release Unicode|Win32
		{33133335-3996-408B-81E2-2FA20E5E4F64}.Release Unicode|Win32.Build.0 = Release Unicode|Win32
		{33133335-3996-408B-81E2-2FA20E5E4F64}.Release|Win32.ActiveCfg = Release|Win32
		{33133335-3996-408B-81E2-2FA20E5E4F64}.Release|Win32.Build.0 = Release|Win32
		{E8E7D604-D0FC-423A-81EF-70C182B40C14}.Debug Unicode|Win32.ActiveCfg = Debug Unicode|Win32
		{E8E7D604-D0FC-423A-81EF-70C182B40C14}.Debug Unicode|Win32.Build.0 = Debug Unicode|Win32
		{E8E7D604-D0FC-423A-81EF-70C182B40C14}.Debug|Win32.ActiveCfg = Debug|Win32
		{E8E7D604-D0FC-423A-81EF-70C182B40C14}.Debug|Win32.Build.0 = Debug|Win32
		{E8E7D604-D0FC-423A-81EF-70C182B40C14}.Release Unicode|Win32.ActiveCfg = Release Unicode|Win32
		{E8E7D604-D0FC-423A-81EF-70C182B40C14}.Release Unicode|Win32.Build.0 = Release Unicode|Win32
		{E8E7D604-D0FC-423A-81EF-70C182B40C14}.Release|Win32.ActiveCfg = Release|Win32
		{E8E7D604-D0FC-423A-81EF-70C182B40C14}.Release|Win32.Build.0 = Release|Win32
		{F9550C0D-30DA-45C5-A08F-C41B14495A08}.Debug Unicode|Win32.ActiveCfg = Debug Unicode|Win32
		{F9550C0D-30DA-45C5-A08F-C41B14495A08}.Debug Unicode|Win32.Build.0 = Debug Unicode|Win32
		{F9550C0D-30DA-45C5-A08F-C41B14495A08}.Debug|Win32.ActiveCfg = Debug|Win32
		{F9550C0D-30DA-45C5-A08F-C41B14495A08}.Debug|Win32.Build.0 = Debug|Win32
		{F9550C0D-30DA-45C5-A08F-C41B14495A08}.Release Unicode|Win32.ActiveCfg = Release Unicode|Win32
		{F9550C0D-30DA-45C5-A08F-C41B14495A08}.Release Unicode|Win32.Build.0 = Release Unicode|Win32
		{F9550C0D-30DA-45C5-A08F-C41B14495A08}.Release|Win32.ActiveCfg = Release|Win32
		{F9550C0D-30DA-45C5-A08F-C41B14495A08}.Release|Win32.Build.0 = Release|Win32
		{DC3A9951-C351-4C62-BF0C-37F7A2178999}.Debug Unicode|Win32.ActiveCfg = Unicode Debug Multilib|Win32
		{DC3A9951-C351-4C62-BF0C-37F7A2178999}.Debug Unicode|Win32.Build.0 = Unicode Debug Multilib|Win32
		{DC3A9951-C351-4C62-BF0C-37F7A2178999}.Debug|Win32.ActiveCfg = Debug Multilib|Win32
		{DC3A9951-C351-4C62-BF0C-37F7A2178999}.Debug|Win32.Build.0 = Debug Multilib|Win32
		{DC3A9951-C351-4C62-BF0C-37F7A2178999}.Release Unicode|Win32.ActiveCfg = Unicode Release Multilib|Win32
		{DC3A9951-C351-4C62-BF0C-37F7A2178999}.Release Unicode|Win32.Build.0 = Unicode Release Multilib|Win32
		{DC3A9951-C351-4C62-BF0C-37F7A2178999}.Release|Win32.ActiveCfg = Release Multilib|Win32
		{DC3A9951-C351-4C62-BF0C-37F7A2178999}.Release|Win32.Build.0 = Release Multilib|Win32
		{C441CED4-C175-4944-B4AC-775A0568ED2F}.Debug Unicode|Win32.ActiveCfg = DebugUnicode|Win32
		{C441CED4-C175-4944-B4AC-775A0568ED2F}.Debug Unicode|Win32.Build.0 = DebugUnicode|Win32
		{C441CED4-C175-4944-B4AC-775A0568ED2F}.Debug|Win32.ActiveCfg = Debug|Win32
		{C441CED4-C175-4944-B4AC-775A0568ED2F}.Debug|Win32.Build.0 = Debug|Win32
		{C441CED4-C175-4944-B4AC-775A0568ED2F}.Release Unicode|Win32.ActiveCfg = ReleaseUnicode|Win32
		{C441CED4-C175-4944-B4AC-775A0568ED2F}.Release Unicode|Win32.Build.0 = ReleaseUnicode|Win32
		{C441CED4-C175-4944-B4AC-775A0568ED2F}.Release|Win32.ActiveCfg = Release|Win32
		{C441CED4-C175-4944-B4AC-775A0568ED2F}.Release|Win32.Build.0 = Release|Win32
		{AED4ECE5-FB94-4ABF-AC23-610876F65B56}.Debug Unicode|Win32.ActiveCfg = DebugUnicode|Win32
		{AED4ECE5-FB94-4ABF-AC23-610876F65B56}.Debug Unicode|Win32.Build.0 = DebugUnicode|Win32
		{AED4ECE5-FB94-4ABF-AC23-610876F65B56}.Debug|Win32.ActiveCfg = Debug|Win32
		{AED4ECE5-FB94-4ABF-AC23-610876F65B56}.Debug|Win32.Build.0 = Debug|Win32
		{AED4ECE5-FB94-4ABF-AC23-610876F65B56}.Release Unicode|Win32.ActiveCfg = Release Unicode|Win32
		{AED4ECE5-FB94-4ABF-AC23-610876F65B56}.Release Unicode|Win32.Build.0 = Release Unicode|Win32
		{AED4ECE5-FB94-4ABF-AC23-610876F65B56}.Release|Win32.ActiveCfg = Release|Win32
		{AED4ECE5-FB94-4ABF-AC23-610876F65B56}.Release|Win32.Build.0 = Release|Win32
	EndGlobalSection
	GlobalSection(SolutionProperties) = preSolution
		HideSolutionNode = FALSE
	EndGlobalSection
EndGlobal
