<?xml version="1.0" encoding="UTF-8" standalone="yes" ?>
<CodeBlocks_project_file>
    <FileVersion major="1" minor="5" />
    <Project>
        <Option title="Release wxdll unicode" />
        <Option makefile="makefile" />
        <Option default_target="" />
        <Option compiler="gcc" />
        <Option virtualFolders="" />
        <Build>
            <Target title="ctags">
                <Option output="sdk\ctags\bin\$(OUTDIR)\ctags.exe" />
                <Option object_output=".objs\$(OUTDIR)" />
                <Option type="1" />
                <Option compiler="gcc" />
                <Compiler>
                    <Add directory="sdk\ctags" />
                </Compiler>
            </Target>
            <Target title="sqlite3">
                <Option output="sdk\sqlite3\lib\$(OUTDIR)\sqlite3.dll" />
                <Option object_output=".objs\$(OUTDIR)" />
                <Option type="3" />
                <Option compiler="gcc" />
                <Compiler>
                    <Add option="-DNO_TCL" />
                    <Add directory="sdk\sqlite3" />
                </Compiler>
            </Target>
            <Target title="wxsqlite3">
                <Option output="sdk\wxsqlite3\lib\$(OUTDIR)\libwxsqlite3.a" />
                <Option working_dir="" />
                <Option object_output=".objs\$(OUTDIR)" />
                <Option type="2" />
                <Option compiler="gcc" />
                <Option projectIncludeDirsRelation="2" />
                <Compiler>
                    <Add directory="sdk\wxsqlite3\include" />
                    <Add directory="sdk\sqlite3" />
                </Compiler>
            </Target>
            <Target title="wxscintilla">
                <Option output="sdk\wxscintilla\lib\$(OUTDIR)\libwxscintilla.a" />
                <Option working_dir="" />
                <Option object_output=".objs\$(OUTDIR)" />
                <Option type="2" />
                <Option compiler="gcc" />
                <Compiler>
                    <Add option="-Wno-char-subscripts" />
                    <Add option="-D__WX__" />
                    <Add option="-DSCI_LEXER" />
                    <Add option="-DLINK_LEXERS" />
                    <Add directory="sdk\wxscintilla\src" />
                    <Add directory="sdk\wxscintilla\include" />
                    <Add directory="sdk\wxscintilla\src\scintilla\src" />
                    <Add directory="sdk\wxscintilla\src\scintilla\include" />
                </Compiler>
            </Target>
            <Target title="CodeLite">
                <Option output="CodeLite\lib\$(OUTDIR)\libcodelite.a" />
                <Option working_dir="" />
                <Option object_output=".objs\$(OUTDIR)" />
                <Option type="2" />
                <Option compiler="gcc" />
                <Option createDefFile="1" />
                <Option projectLinkerOptionsRelation="2" />
                <Compiler>
                    <Add option="-Wno-unused" />
                    <Add option="-DWXMAKINGDLL_SYM" />
                    <Add option="-DUSE_TRACE" />
                    <Add directory="CodeLite" />
                    <Add directory="sdk\wxsqlite3\include" />
                    <Add directory="sdk\sqlite3" />
                </Compiler>
                <Linker>
                    <Add library="wxsqlite3" />
                    <Add library="sqlite3" />
                    <Add directory="sdk\wxsqlite3\lib\$(OUTDIR)" />
                    <Add directory="sdk\sqlite3\lib\$(OUTDIR)" />
                </Linker>
            </Target>
            <Target title="LiteEditor">
                <Option output="LiteEditor\bin\$(OUTDIR)\LiteEditor.exe" />
                <Option object_output=".objs\$(OUTDIR)" />
                <Option type="0" />
                <Option compiler="gcc" />
                <Option projectLinkerOptionsRelation="2" />
                <Compiler>
                    <Add option="-Wno-unused" />
                    <Add option="-DUSE_TRACE" />
                    <Add option="-DWXDLLIMPEXP_SYM_TREE=" />
                    <Add option="-DWXMAKINGDLL_SYM" />
                    <Add directory="LiteEditor" />
                    <Add directory="LiteEditor\include" />
                    <Add directory="CodeLite" />
                    <Add directory="sdk\wxscintilla\include" />
                    <Add directory="sdk\wxsqlite3\include" />
                </Compiler>
                <Linker>
                    <Add library="codelite" />
                    <Add library="wxscintilla" />
                    <Add library="wxsqlite3" />
                    <Add library="sqlite3" />
                    <Add library="gdi32" />
                    <Add directory="CodeLite\lib\$(OUTDIR)" />
                    <Add directory="sdk\wxscintilla\lib\$(OUTDIR)" />
                    <Add directory="sdk\wxsqlite3\lib\$(OUTDIR)" />
                    <Add directory="sdk\sqlite3\lib\$(OUTDIR)" />
                </Linker>
                <ExtraCommands>
                    <Add after="cmd /c copy /y sdk\sqlite3\lib\$(OUTDIR)\sqlite3.dll LiteEditor\bin\$(OUTDIR)" />
                    <Add after="cmd /c copy /y sdk\ctags\bin\$(OUTDIR)\ctags.exe LiteEditor\bin\$(OUTDIR)" />
                    <Add after="cmd /c copy /y LiteEditor\liteeditor.xml LiteEditor\bin\$(OUTDIR)" />
                </ExtraCommands>
            </Target>
            <Environment>
                <Variable name="OUTDIR" value="msw_wxdll_u" />
                <Variable name="WX_SUFFIX" value="u" />
                <Variable name="WX_CFG" value="" />
            </Environment>
        </Build>
        <VirtualTargets>
            <Add alias="All" targets="ctags;sqlite3;wxsqlite3;wxscintilla;CodeLite;LiteEditor;" />
        </VirtualTargets>
        <Compiler>
            <Add option="-O2" />
            <Add option="-Wall" />
            <Add option="-pipe" />
            <Add option="-fmessage-length=0" />
            <Add option="-mthreads" />
            <Add option="-Winvalid-pch" />
            <Add option="-DHAVE_W32API_H" />
            <Add option="-D__WXMSW__" />
            <Add option="-DWXUSINGDLL" />
            <Add option="-DwxUSE_UNICODE" />
            <Add directory="$(#WX.include)" />
            <Add directory="$(#WX.lib)\gcc_dll$(WX_CFG)\msw$(WX_SUFFIX)" />
        </Compiler>
        <ResourceCompiler>
            <Add directory="$(#WX.include)" />
        </ResourceCompiler>
        <Linker>
            <Add option="-s" />
            <Add library="wxmsw26$(WX_SUFFIX)" />
            <Add directory="$(#WX.lib)\gcc_dll$(WX_CFG)" />
        </Linker>
        <Unit filename="CodeLite\FlexLexer.h">
            <Option compilerVar="CPP" />
            <Option compile="0" />
            <Option link="0" />
            <Option target="CodeLite" />
        </Unit>
		<Unit filename="CodeLite\calltip.cpp">
			<Option compilerVar="CPP" />
			<Option target="CodeLite" />
		</Unit>
		<Unit filename="CodeLite\comment.cpp">
			<Option compilerVar="CPP" />
			<Option target="CodeLite" />
		</Unit>
        <Unit filename="CodeLite\cpp_scanner.cpp">
            <Option compilerVar="CPP" />
            <Option target="CodeLite" />
        </Unit>
        <Unit filename="CodeLite\cpp_scanner.h">
            <Option compilerVar="CPP" />
            <Option compile="0" />
            <Option link="0" />
            <Option target="CodeLite" />
        </Unit>
        <Unit filename="CodeLite\ctags_manager.cpp">
            <Option compilerVar="CPP" />
            <Option target="CodeLite" />
        </Unit>
        <Unit filename="CodeLite\ctags_manager.h">
            <Option compilerVar="CPP" />
            <Option compile="0" />
            <Option link="0" />
            <Option target="CodeLite" />
        </Unit>
        <Unit filename="CodeLite\entry.cpp">
            <Option compilerVar="CPP" />
            <Option target="CodeLite" />
        </Unit>
        <Unit filename="CodeLite\entry.h">
            <Option compilerVar="CPP" />
            <Option compile="0" />
            <Option link="0" />
            <Option target="CodeLite" />
        </Unit>
        <Unit filename="CodeLite\language.cpp">
            <Option compilerVar="CPP" />
            <Option target="CodeLite" />
        </Unit>
        <Unit filename="CodeLite\language.h">
            <Option compilerVar="CPP" />
            <Option compile="0" />
            <Option link="0" />
            <Option target="CodeLite" />
        </Unit>
        <Unit filename="CodeLite\lex.yy.cpp">
            <Option compilerVar="CPP" />
            <Option target="CodeLite" />
        </Unit>
        <Unit filename="CodeLite\parse_thread.cpp">
            <Option compilerVar="CPP" />
            <Option target="CodeLite" />
        </Unit>
        <Unit filename="CodeLite\parse_thread.h">
            <Option compilerVar="CPP" />
            <Option compile="0" />
            <Option link="0" />
            <Option target="CodeLite" />
        </Unit>
        <Unit filename="CodeLite\precompiled_header.h">
            <Option compilerVar="CPP" />
            <Option link="0" />
            <Option weight="10" />
            <Option target="CodeLite" />
        </Unit>
        <Unit filename="CodeLite\process.cpp">
            <Option compilerVar="CPP" />
            <Option target="CodeLite" />
        </Unit>
        <Unit filename="CodeLite\process.h">
            <Option compilerVar="CPP" />
            <Option compile="0" />
            <Option link="0" />
            <Option target="CodeLite" />
        </Unit>
        <Unit filename="CodeLite\readtags.cpp">
            <Option compilerVar="CPP" />
            <Option target="CodeLite" />
        </Unit>
        <Unit filename="CodeLite\readtags.h">
            <Option compilerVar="CPP" />
            <Option compile="0" />
            <Option link="0" />
            <Option target="CodeLite" />
        </Unit>
        <Unit filename="CodeLite\singleton.h">
            <Option compilerVar="CPP" />
            <Option compile="0" />
            <Option link="0" />
            <Option target="CodeLite" />
        </Unit>
        <Unit filename="CodeLite\symbol_tree.cpp">
            <Option compilerVar="CPP" />
            <Option target="CodeLite" />
        </Unit>
        <Unit filename="CodeLite\symbol_tree.h">
            <Option compilerVar="CPP" />
            <Option compile="0" />
            <Option link="0" />
            <Option target="CodeLite" />
        </Unit>
        <Unit filename="CodeLite\tag_tree.cpp">
            <Option compilerVar="CPP" />
            <Option target="CodeLite" />
        </Unit>
        <Unit filename="CodeLite\tag_tree.h">
            <Option compilerVar="CPP" />
            <Option compile="0" />
            <Option link="0" />
            <Option target="CodeLite" />
        </Unit>
        <Unit filename="CodeLite\tags_database.cpp">
            <Option compilerVar="CPP" />
            <Option target="CodeLite" />
        </Unit>
        <Unit filename="CodeLite\tags_database.h">
            <Option compilerVar="CPP" />
            <Option compile="0" />
            <Option link="0" />
            <Option target="CodeLite" />
        </Unit>
        <Unit filename="CodeLite\tokenizer.cpp">
            <Option compilerVar="CPP" />
            <Option target="CodeLite" />
        </Unit>
        <Unit filename="CodeLite\tokenizer.h">
            <Option compilerVar="CPP" />
            <Option compile="0" />
            <Option link="0" />
            <Option target="CodeLite" />
        </Unit>
        <Unit filename="CodeLite\tree.h">
            <Option compilerVar="CPP" />
            <Option compile="0" />
            <Option link="0" />
            <Option target="CodeLite" />
        </Unit>
        <Unit filename="CodeLite\tree_node.h">
            <Option compilerVar="CPP" />
            <Option compile="0" />
            <Option link="0" />
            <Option target="CodeLite" />
        </Unit>
        <Unit filename="CodeLite\unistd.h">
            <Option compilerVar="CPP" />
            <Option compile="0" />
            <Option link="0" />
            <Option target="CodeLite" />
        </Unit>
        <Unit filename="CodeLite\y.tab.h">
            <Option compilerVar="CPP" />
            <Option compile="0" />
            <Option link="0" />
            <Option target="CodeLite" />
        </Unit>
        <Unit filename="LiteEditor\app.cpp">
            <Option compilerVar="CPP" />
            <Option target="LiteEditor" />
        </Unit>
        <Unit filename="LiteEditor\app.h">
            <Option compilerVar="CPP" />
            <Option compile="0" />
            <Option link="0" />
            <Option target="LiteEditor" />
        </Unit>
        <Unit filename="LiteEditor\code_parser.rc">
            <Option compilerVar="WINDRES" />
            <Option objectName="LiteEditor\code_parser.res" />
            <Option target="LiteEditor" />
        </Unit>
        <Unit filename="LiteEditor\cpp_symbol_tree.cpp">
            <Option compilerVar="CPP" />
            <Option target="LiteEditor" />
        </Unit>
        <Unit filename="LiteEditor\cpp_symbol_tree.h">
            <Option compilerVar="CPP" />
            <Option compile="0" />
            <Option link="0" />
            <Option target="LiteEditor" />
        </Unit>
        <Unit filename="LiteEditor\editor.cpp">
            <Option compilerVar="CPP" />
            <Option target="LiteEditor" />
        </Unit>
        <Unit filename="LiteEditor\editor.h">
            <Option compilerVar="CPP" />
            <Option compile="0" />
            <Option link="0" />
            <Option target="LiteEditor" />
        </Unit>
        <Unit filename="LiteEditor\editor_config.cpp">
            <Option compilerVar="CPP" />
            <Option target="LiteEditor" />
        </Unit>
        <Unit filename="LiteEditor\editor_config.h">
            <Option compilerVar="CPP" />
            <Option compile="0" />
            <Option link="0" />
            <Option target="LiteEditor" />
        </Unit>
        <Unit filename="LiteEditor\frame.cpp">
            <Option compilerVar="CPP" />
            <Option target="LiteEditor" />
        </Unit>
        <Unit filename="LiteEditor\frame.h">
            <Option compilerVar="CPP" />
            <Option compile="0" />
            <Option link="0" />
            <Option target="LiteEditor" />
        </Unit>
        <Unit filename="LiteEditor\include\wx\wxFlatNotebook\wxFNBDropTarget.h">
            <Option compilerVar="CPP" />
            <Option compile="0" />
            <Option link="0" />
            <Option target="LiteEditor" />
        </Unit>
        <Unit filename="LiteEditor\include\wx\wxFlatNotebook\wxFlatNotebook.h">
            <Option compilerVar="CPP" />
            <Option compile="0" />
            <Option link="0" />
            <Option target="LiteEditor" />
        </Unit>
        <Unit filename="LiteEditor\resource.h">
            <Option compilerVar="CPP" />
            <Option compile="0" />
            <Option link="0" />
            <Option target="LiteEditor" />
        </Unit>
        <Unit filename="LiteEditor\resources.cpp">
            <Option compilerVar="CPP" />
            <Option target="LiteEditor" />
        </Unit>
        <Unit filename="LiteEditor\resources.xrc">
            <Option compilerVar="CPP" />
            <Option compile="0" />
            <Option link="0" />
            <Option target="LiteEditor" />
        </Unit>
        <Unit filename="LiteEditor\stdwx.h">
            <Option compilerVar="CPP" />
            <Option compile="0" />
            <Option link="0" />
            <Option target="LiteEditor" />
        </Unit>
		<Unit filename="LiteEditor\styled_notebook.cpp">
			<Option compilerVar="CPP" />
			<Option target="LiteEditor" />
		</Unit>
        <Unit filename="LiteEditor\wxFlatNotebook.cpp">
            <Option compilerVar="CPP" />
            <Option target="LiteEditor" />
        </Unit>
        <Unit filename="sdk\ctags\args.c">
            <Option compilerVar="CC" />
            <Option target="ctags" />
        </Unit>
        <Unit filename="sdk\ctags\args.h">
            <Option compilerVar="CPP" />
            <Option compile="0" />
            <Option link="0" />
            <Option target="ctags" />
        </Unit>
        <Unit filename="sdk\ctags\asm.c">
            <Option compilerVar="CC" />
            <Option target="ctags" />
        </Unit>
        <Unit filename="sdk\ctags\asp.c">
            <Option compilerVar="CC" />
            <Option target="ctags" />
        </Unit>
        <Unit filename="sdk\ctags\awk.c">
            <Option compilerVar="CC" />
            <Option target="ctags" />
        </Unit>
        <Unit filename="sdk\ctags\beta.c">
            <Option compilerVar="CC" />
            <Option target="ctags" />
        </Unit>
        <Unit filename="sdk\ctags\c.c">
            <Option compilerVar="CC" />
            <Option target="ctags" />
        </Unit>
        <Unit filename="sdk\ctags\cobol.c">
            <Option compilerVar="CC" />
            <Option target="ctags" />
        </Unit>
        <Unit filename="sdk\ctags\ctags.h">
            <Option compilerVar="CPP" />
            <Option compile="0" />
            <Option link="0" />
            <Option target="ctags" />
        </Unit>
        <Unit filename="sdk\ctags\debug.c">
            <Option compilerVar="CC" />
            <Option target="ctags" />
        </Unit>
        <Unit filename="sdk\ctags\debug.h">
            <Option compilerVar="CPP" />
            <Option compile="0" />
            <Option link="0" />
            <Option target="ctags" />
        </Unit>
        <Unit filename="sdk\ctags\e_amiga.h">
            <Option compilerVar="CPP" />
            <Option compile="0" />
            <Option link="0" />
        </Unit>
        <Unit filename="sdk\ctags\e_djgpp.h">
            <Option compilerVar="CPP" />
            <Option compile="0" />
            <Option link="0" />
        </Unit>
        <Unit filename="sdk\ctags\e_mac.h">
            <Option compilerVar="CPP" />
            <Option compile="0" />
            <Option link="0" />
        </Unit>
        <Unit filename="sdk\ctags\e_msoft.h">
            <Option compilerVar="CPP" />
            <Option compile="0" />
            <Option link="0" />
            <Option target="ctags" />
        </Unit>
        <Unit filename="sdk\ctags\e_os2.h">
            <Option compilerVar="CPP" />
            <Option compile="0" />
            <Option link="0" />
        </Unit>
        <Unit filename="sdk\ctags\e_qdos.h">
            <Option compilerVar="CPP" />
            <Option compile="0" />
            <Option link="0" />
        </Unit>
        <Unit filename="sdk\ctags\e_riscos.h">
            <Option compilerVar="CPP" />
            <Option compile="0" />
            <Option link="0" />
        </Unit>
        <Unit filename="sdk\ctags\e_vms.h">
            <Option compilerVar="CPP" />
            <Option compile="0" />
            <Option link="0" />
        </Unit>
        <Unit filename="sdk\ctags\eiffel.c">
            <Option compilerVar="CC" />
            <Option target="ctags" />
        </Unit>
        <Unit filename="sdk\ctags\entry.c">
            <Option compilerVar="CC" />
            <Option target="ctags" />
        </Unit>
        <Unit filename="sdk\ctags\entry.h">
            <Option compilerVar="CPP" />
            <Option compile="0" />
            <Option link="0" />
            <Option target="ctags" />
        </Unit>
        <Unit filename="sdk\ctags\erlang.c">
            <Option compilerVar="CC" />
            <Option target="ctags" />
        </Unit>
        <Unit filename="sdk\ctags\fortran.c">
            <Option compilerVar="CC" />
            <Option target="ctags" />
        </Unit>
        <Unit filename="sdk\ctags\general.h">
            <Option compilerVar="CPP" />
            <Option compile="0" />
            <Option link="0" />
            <Option target="ctags" />
        </Unit>
        <Unit filename="sdk\ctags\get.c">
            <Option compilerVar="CC" />
            <Option target="ctags" />
        </Unit>
        <Unit filename="sdk\ctags\get.h">
            <Option compilerVar="CPP" />
            <Option compile="0" />
            <Option link="0" />
            <Option target="ctags" />
        </Unit>
        <Unit filename="sdk\ctags\html.c">
            <Option compilerVar="CC" />
            <Option target="ctags" />
        </Unit>
        <Unit filename="sdk\ctags\jscript.c">
            <Option compilerVar="CC" />
            <Option target="ctags" />
        </Unit>
        <Unit filename="sdk\ctags\keyword.c">
            <Option compilerVar="CC" />
            <Option target="ctags" />
        </Unit>
        <Unit filename="sdk\ctags\keyword.h">
            <Option compilerVar="CPP" />
            <Option compile="0" />
            <Option link="0" />
            <Option target="ctags" />
        </Unit>
        <Unit filename="sdk\ctags\lisp.c">
            <Option compilerVar="CC" />
            <Option target="ctags" />
        </Unit>
        <Unit filename="sdk\ctags\lregex.c">
            <Option compilerVar="CC" />
            <Option target="ctags" />
        </Unit>
        <Unit filename="sdk\ctags\lua.c">
            <Option compilerVar="CC" />
            <Option target="ctags" />
        </Unit>
        <Unit filename="sdk\ctags\mac.c">
            <Option compilerVar="CC" />
        </Unit>
        <Unit filename="sdk\ctags\main.c">
            <Option compilerVar="CC" />
            <Option target="ctags" />
        </Unit>
        <Unit filename="sdk\ctags\main.h">
            <Option compilerVar="CPP" />
            <Option compile="0" />
            <Option link="0" />
            <Option target="ctags" />
        </Unit>
        <Unit filename="sdk\ctags\make.c">
            <Option compilerVar="CC" />
            <Option target="ctags" />
        </Unit>
        <Unit filename="sdk\ctags\options.c">
            <Option compilerVar="CC" />
            <Option target="ctags" />
        </Unit>
        <Unit filename="sdk\ctags\options.h">
            <Option compilerVar="CPP" />
            <Option compile="0" />
            <Option link="0" />
            <Option target="ctags" />
        </Unit>
        <Unit filename="sdk\ctags\parse.c">
            <Option compilerVar="CC" />
            <Option target="ctags" />
        </Unit>
        <Unit filename="sdk\ctags\parse.h">
            <Option compilerVar="CPP" />
            <Option compile="0" />
            <Option link="0" />
            <Option target="ctags" />
        </Unit>
        <Unit filename="sdk\ctags\parsers.h">
            <Option compilerVar="CPP" />
            <Option compile="0" />
            <Option link="0" />
            <Option target="ctags" />
        </Unit>
        <Unit filename="sdk\ctags\pascal.c">
            <Option compilerVar="CC" />
            <Option target="ctags" />
        </Unit>
        <Unit filename="sdk\ctags\perl.c">
            <Option compilerVar="CC" />
            <Option target="ctags" />
        </Unit>
        <Unit filename="sdk\ctags\php.c">
            <Option compilerVar="CC" />
            <Option target="ctags" />
        </Unit>
        <Unit filename="sdk\ctags\python.c">
            <Option compilerVar="CC" />
            <Option target="ctags" />
        </Unit>
        <Unit filename="sdk\ctags\qdos.c">
            <Option compilerVar="CC" />
        </Unit>
        <Unit filename="sdk\ctags\read.c">
            <Option compilerVar="CC" />
            <Option target="ctags" />
        </Unit>
        <Unit filename="sdk\ctags\read.h">
            <Option compilerVar="CPP" />
            <Option compile="0" />
            <Option link="0" />
            <Option target="ctags" />
        </Unit>
        <Unit filename="sdk\ctags\readtags.cpp">
            <Option compilerVar="CPP" />
            <Option target="ctags" />
        </Unit>
        <Unit filename="sdk\ctags\readtags.h">
            <Option compilerVar="CPP" />
            <Option compile="0" />
            <Option link="0" />
            <Option target="ctags" />
        </Unit>
        <Unit filename="sdk\ctags\rexx.c">
            <Option compilerVar="CC" />
            <Option target="ctags" />
        </Unit>
        <Unit filename="sdk\ctags\routines.c">
            <Option compilerVar="CC" />
            <Option target="ctags" />
        </Unit>
        <Unit filename="sdk\ctags\routines.h">
            <Option compilerVar="CPP" />
            <Option compile="0" />
            <Option link="0" />
            <Option target="ctags" />
        </Unit>
        <Unit filename="sdk\ctags\ruby.c">
            <Option compilerVar="CC" />
            <Option target="ctags" />
        </Unit>
        <Unit filename="sdk\ctags\scheme.c">
            <Option compilerVar="CC" />
            <Option target="ctags" />
        </Unit>
        <Unit filename="sdk\ctags\sh.c">
            <Option compilerVar="CC" />
            <Option target="ctags" />
        </Unit>
        <Unit filename="sdk\ctags\slang.c">
            <Option compilerVar="CC" />
            <Option target="ctags" />
        </Unit>
        <Unit filename="sdk\ctags\sml.c">
            <Option compilerVar="CC" />
            <Option target="ctags" />
        </Unit>
        <Unit filename="sdk\ctags\sort.c">
            <Option compilerVar="CC" />
            <Option target="ctags" />
        </Unit>
        <Unit filename="sdk\ctags\sort.h">
            <Option compilerVar="CPP" />
            <Option compile="0" />
            <Option link="0" />
            <Option target="ctags" />
        </Unit>
        <Unit filename="sdk\ctags\sql.c">
            <Option compilerVar="CC" />
            <Option target="ctags" />
        </Unit>
        <Unit filename="sdk\ctags\strlist.c">
            <Option compilerVar="CC" />
            <Option target="ctags" />
        </Unit>
        <Unit filename="sdk\ctags\strlist.h">
            <Option compilerVar="CPP" />
            <Option compile="0" />
            <Option link="0" />
            <Option target="ctags" />
        </Unit>
        <Unit filename="sdk\ctags\tcl.c">
            <Option compilerVar="CC" />
            <Option target="ctags" />
        </Unit>
        <Unit filename="sdk\ctags\verilog.c">
            <Option compilerVar="CC" />
            <Option target="ctags" />
        </Unit>
        <Unit filename="sdk\ctags\vim.c">
            <Option compilerVar="CC" />
            <Option target="ctags" />
        </Unit>
        <Unit filename="sdk\ctags\vstring.c">
            <Option compilerVar="CC" />
            <Option target="ctags" />
        </Unit>
        <Unit filename="sdk\ctags\vstring.h">
            <Option compilerVar="CPP" />
            <Option compile="0" />
            <Option link="0" />
            <Option target="ctags" />
        </Unit>
        <Unit filename="sdk\ctags\yacc.c">
            <Option compilerVar="CC" />
            <Option target="ctags" />
        </Unit>
        <Unit filename="sdk\sqlite3\alter.c">
            <Option compilerVar="CC" />
            <Option target="sqlite3" />
        </Unit>
        <Unit filename="sdk\sqlite3\analyze.c">
            <Option compilerVar="CC" />
            <Option target="sqlite3" />
        </Unit>
        <Unit filename="sdk\sqlite3\attach.c">
            <Option compilerVar="CC" />
            <Option target="sqlite3" />
        </Unit>
        <Unit filename="sdk\sqlite3\auth.c">
            <Option compilerVar="CC" />
            <Option target="sqlite3" />
        </Unit>
        <Unit filename="sdk\sqlite3\btree.c">
            <Option compilerVar="CC" />
            <Option target="sqlite3" />
        </Unit>
        <Unit filename="sdk\sqlite3\btree.h">
            <Option compilerVar="CPP" />
            <Option compile="0" />
            <Option link="0" />
            <Option target="sqlite3" />
        </Unit>
        <Unit filename="sdk\sqlite3\build.c">
            <Option compilerVar="CC" />
            <Option target="sqlite3" />
        </Unit>
        <Unit filename="sdk\sqlite3\callback.c">
            <Option compilerVar="CC" />
            <Option target="sqlite3" />
        </Unit>
        <Unit filename="sdk\sqlite3\complete.c">
            <Option compilerVar="CC" />
            <Option target="sqlite3" />
        </Unit>
        <Unit filename="sdk\sqlite3\date.c">
            <Option compilerVar="CC" />
            <Option target="sqlite3" />
        </Unit>
        <Unit filename="sdk\sqlite3\delete.c">
            <Option compilerVar="CC" />
            <Option target="sqlite3" />
        </Unit>
        <Unit filename="sdk\sqlite3\expr.c">
            <Option compilerVar="CC" />
            <Option target="sqlite3" />
        </Unit>
        <Unit filename="sdk\sqlite3\func.c">
            <Option compilerVar="CC" />
            <Option target="sqlite3" />
        </Unit>
        <Unit filename="sdk\sqlite3\hash.c">
            <Option compilerVar="CC" />
            <Option target="sqlite3" />
        </Unit>
        <Unit filename="sdk\sqlite3\hash.h">
            <Option compilerVar="CPP" />
            <Option compile="0" />
            <Option link="0" />
            <Option target="sqlite3" />
        </Unit>
        <Unit filename="sdk\sqlite3\insert.c">
            <Option compilerVar="CC" />
            <Option target="sqlite3" />
        </Unit>
        <Unit filename="sdk\sqlite3\keywordhash.h">
            <Option compilerVar="CPP" />
            <Option compile="0" />
            <Option link="0" />
            <Option target="sqlite3" />
        </Unit>
        <Unit filename="sdk\sqlite3\legacy.c">
            <Option compilerVar="CC" />
            <Option target="sqlite3" />
        </Unit>
        <Unit filename="sdk\sqlite3\main.c">
            <Option compilerVar="CC" />
            <Option target="sqlite3" />
        </Unit>
        <Unit filename="sdk\sqlite3\opcodes.c">
            <Option compilerVar="CC" />
            <Option target="sqlite3" />
        </Unit>
        <Unit filename="sdk\sqlite3\opcodes.h">
            <Option compilerVar="CPP" />
            <Option compile="0" />
            <Option link="0" />
            <Option target="sqlite3" />
        </Unit>
        <Unit filename="sdk\sqlite3\os.c">
            <Option compilerVar="CC" />
            <Option target="sqlite3" />
        </Unit>
        <Unit filename="sdk\sqlite3\os.h">
            <Option compilerVar="CPP" />
            <Option compile="0" />
            <Option link="0" />
            <Option target="sqlite3" />
        </Unit>
        <Unit filename="sdk\sqlite3\os_common.h">
            <Option compilerVar="CPP" />
            <Option compile="0" />
            <Option link="0" />
            <Option target="sqlite3" />
        </Unit>
        <Unit filename="sdk\sqlite3\os_os2.c">
            <Option compilerVar="CC" />
            <Option target="sqlite3" />
        </Unit>
        <Unit filename="sdk\sqlite3\os_unix.c">
            <Option compilerVar="CC" />
            <Option target="sqlite3" />
        </Unit>
        <Unit filename="sdk\sqlite3\os_win.c">
            <Option compilerVar="CC" />
            <Option target="sqlite3" />
        </Unit>
        <Unit filename="sdk\sqlite3\pager.c">
            <Option compilerVar="CC" />
            <Option target="sqlite3" />
        </Unit>
        <Unit filename="sdk\sqlite3\pager.h">
            <Option compilerVar="CPP" />
            <Option compile="0" />
            <Option link="0" />
            <Option target="sqlite3" />
        </Unit>
        <Unit filename="sdk\sqlite3\parse.c">
            <Option compilerVar="CC" />
            <Option target="sqlite3" />
        </Unit>
        <Unit filename="sdk\sqlite3\parse.h">
            <Option compilerVar="CPP" />
            <Option compile="0" />
            <Option link="0" />
            <Option target="sqlite3" />
        </Unit>
        <Unit filename="sdk\sqlite3\pragma.c">
            <Option compilerVar="CC" />
            <Option target="sqlite3" />
        </Unit>
        <Unit filename="sdk\sqlite3\prepare.c">
            <Option compilerVar="CC" />
            <Option target="sqlite3" />
        </Unit>
        <Unit filename="sdk\sqlite3\printf.c">
            <Option compilerVar="CC" />
            <Option target="sqlite3" />
        </Unit>
        <Unit filename="sdk\sqlite3\random.c">
            <Option compilerVar="CC" />
            <Option target="sqlite3" />
        </Unit>
        <Unit filename="sdk\sqlite3\select.c">
            <Option compilerVar="CC" />
            <Option target="sqlite3" />
        </Unit>
        <Unit filename="sdk\sqlite3\shell.c">
            <Option compilerVar="CC" />
            <Option target="sqlite3" />
        </Unit>
        <Unit filename="sdk\sqlite3\sqlite3.h">
            <Option compilerVar="CPP" />
            <Option compile="0" />
            <Option link="0" />
            <Option target="sqlite3" />
        </Unit>
        <Unit filename="sdk\sqlite3\sqliteInt.h">
            <Option compilerVar="CPP" />
            <Option compile="0" />
            <Option link="0" />
            <Option target="sqlite3" />
        </Unit>
        <Unit filename="sdk\sqlite3\table.c">
            <Option compilerVar="CC" />
            <Option target="sqlite3" />
        </Unit>
        <Unit filename="sdk\sqlite3\tclsqlite.c">
            <Option compilerVar="CC" />
            <Option target="sqlite3" />
        </Unit>
        <Unit filename="sdk\sqlite3\tokenize.c">
            <Option compilerVar="CC" />
            <Option target="sqlite3" />
        </Unit>
        <Unit filename="sdk\sqlite3\trigger.c">
            <Option compilerVar="CC" />
            <Option target="sqlite3" />
        </Unit>
        <Unit filename="sdk\sqlite3\update.c">
            <Option compilerVar="CC" />
            <Option target="sqlite3" />
        </Unit>
        <Unit filename="sdk\sqlite3\utf.c">
            <Option compilerVar="CC" />
            <Option target="sqlite3" />
        </Unit>
        <Unit filename="sdk\sqlite3\util.c">
            <Option compilerVar="CC" />
            <Option target="sqlite3" />
        </Unit>
        <Unit filename="sdk\sqlite3\vacuum.c">
            <Option compilerVar="CC" />
            <Option target="sqlite3" />
        </Unit>
        <Unit filename="sdk\sqlite3\vdbe.c">
            <Option compilerVar="CC" />
            <Option target="sqlite3" />
        </Unit>
        <Unit filename="sdk\sqlite3\vdbe.h">
            <Option compilerVar="CPP" />
            <Option compile="0" />
            <Option link="0" />
            <Option target="sqlite3" />
        </Unit>
        <Unit filename="sdk\sqlite3\vdbeInt.h">
            <Option compilerVar="CPP" />
            <Option compile="0" />
            <Option link="0" />
            <Option target="sqlite3" />
        </Unit>
        <Unit filename="sdk\sqlite3\vdbeapi.c">
            <Option compilerVar="CC" />
            <Option target="sqlite3" />
        </Unit>
        <Unit filename="sdk\sqlite3\vdbeaux.c">
            <Option compilerVar="CC" />
            <Option target="sqlite3" />
        </Unit>
        <Unit filename="sdk\sqlite3\vdbefifo.c">
            <Option compilerVar="CC" />
            <Option target="sqlite3" />
        </Unit>
        <Unit filename="sdk\sqlite3\vdbemem.c">
            <Option compilerVar="CC" />
            <Option target="sqlite3" />
        </Unit>
        <Unit filename="sdk\sqlite3\where.c">
            <Option compilerVar="CC" />
            <Option target="sqlite3" />
        </Unit>
        <Unit filename="sdk\wxscintilla\include\wx\wxscintilla.h">
            <Option compilerVar="CPP" />
            <Option compile="0" />
            <Option link="0" />
            <Option target="wxscintilla" />
        </Unit>
        <Unit filename="sdk\wxscintilla\src\PlatWX.cpp">
            <Option compilerVar="CPP" />
            <Option target="wxscintilla" />
        </Unit>
        <Unit filename="sdk\wxscintilla\src\PlatWX.h">
            <Option compilerVar="CPP" />
            <Option compile="0" />
            <Option link="0" />
            <Option target="wxscintilla" />
        </Unit>
        <Unit filename="sdk\wxscintilla\src\ScintillaWX.cpp">
            <Option compilerVar="CPP" />
            <Option target="wxscintilla" />
        </Unit>
        <Unit filename="sdk\wxscintilla\src\ScintillaWX.h">
            <Option compilerVar="CPP" />
            <Option compile="0" />
            <Option link="0" />
            <Option target="wxscintilla" />
        </Unit>
        <Unit filename="sdk\wxscintilla\src\scintilla\include\Accessor.h">
            <Option compilerVar="CPP" />
            <Option compile="0" />
            <Option link="0" />
            <Option target="wxscintilla" />
        </Unit>
        <Unit filename="sdk\wxscintilla\src\scintilla\include\KeyWords.h">
            <Option compilerVar="CPP" />
            <Option compile="0" />
            <Option link="0" />
            <Option target="wxscintilla" />
        </Unit>
        <Unit filename="sdk\wxscintilla\src\scintilla\include\Platform.h">
            <Option compilerVar="CPP" />
            <Option compile="0" />
            <Option link="0" />
            <Option target="wxscintilla" />
        </Unit>
        <Unit filename="sdk\wxscintilla\src\scintilla\include\PropSet.h">
            <Option compilerVar="CPP" />
            <Option compile="0" />
            <Option link="0" />
            <Option target="wxscintilla" />
        </Unit>
        <Unit filename="sdk\wxscintilla\src\scintilla\include\SString.h">
            <Option compilerVar="CPP" />
            <Option compile="0" />
            <Option link="0" />
            <Option target="wxscintilla" />
        </Unit>
        <Unit filename="sdk\wxscintilla\src\scintilla\include\SciLexer.h">
            <Option compilerVar="CPP" />
            <Option compile="0" />
            <Option link="0" />
            <Option target="wxscintilla" />
        </Unit>
        <Unit filename="sdk\wxscintilla\src\scintilla\include\Scintilla.h">
            <Option compilerVar="CPP" />
            <Option compile="0" />
            <Option link="0" />
            <Option target="wxscintilla" />
        </Unit>
        <Unit filename="sdk\wxscintilla\src\scintilla\include\ScintillaWidget.h">
            <Option compilerVar="CPP" />
            <Option compile="0" />
            <Option link="0" />
            <Option target="wxscintilla" />
        </Unit>
        <Unit filename="sdk\wxscintilla\src\scintilla\include\WindowAccessor.h">
            <Option compilerVar="CPP" />
            <Option compile="0" />
            <Option link="0" />
            <Option target="wxscintilla" />
        </Unit>
        <Unit filename="sdk\wxscintilla\src\scintilla\src\AutoComplete.cxx">
            <Option compilerVar="CPP" />
            <Option target="wxscintilla" />
        </Unit>
        <Unit filename="sdk\wxscintilla\src\scintilla\src\AutoComplete.h">
            <Option compilerVar="CPP" />
            <Option compile="0" />
            <Option link="0" />
            <Option target="wxscintilla" />
        </Unit>
        <Unit filename="sdk\wxscintilla\src\scintilla\src\CallTip.cxx">
            <Option compilerVar="CPP" />
            <Option target="wxscintilla" />
        </Unit>
        <Unit filename="sdk\wxscintilla\src\scintilla\src\CallTip.h">
            <Option compilerVar="CPP" />
            <Option compile="0" />
            <Option link="0" />
            <Option target="wxscintilla" />
        </Unit>
        <Unit filename="sdk\wxscintilla\src\scintilla\src\CellBuffer.cxx">
            <Option compilerVar="CPP" />
            <Option target="wxscintilla" />
        </Unit>
        <Unit filename="sdk\wxscintilla\src\scintilla\src\CellBuffer.h">
            <Option compilerVar="CPP" />
            <Option compile="0" />
            <Option link="0" />
            <Option target="wxscintilla" />
        </Unit>
        <Unit filename="sdk\wxscintilla\src\scintilla\src\CharClassify.cxx">
            <Option compilerVar="CPP" />
            <Option target="wxscintilla" />
        </Unit>
        <Unit filename="sdk\wxscintilla\src\scintilla\src\CharClassify.h">
            <Option compilerVar="CPP" />
            <Option compile="0" />
            <Option link="0" />
            <Option target="wxscintilla" />
        </Unit>
        <Unit filename="sdk\wxscintilla\src\scintilla\src\ContractionState.cxx">
            <Option compilerVar="CPP" />
            <Option target="wxscintilla" />
        </Unit>
        <Unit filename="sdk\wxscintilla\src\scintilla\src\ContractionState.h">
            <Option compilerVar="CPP" />
            <Option compile="0" />
            <Option link="0" />
            <Option target="wxscintilla" />
        </Unit>
        <Unit filename="sdk\wxscintilla\src\scintilla\src\Document.cxx">
            <Option compilerVar="CPP" />
            <Option target="wxscintilla" />
        </Unit>
        <Unit filename="sdk\wxscintilla\src\scintilla\src\Document.h">
            <Option compilerVar="CPP" />
            <Option compile="0" />
            <Option link="0" />
            <Option target="wxscintilla" />
        </Unit>
        <Unit filename="sdk\wxscintilla\src\scintilla\src\DocumentAccessor.cxx">
            <Option compilerVar="CPP" />
            <Option target="wxscintilla" />
        </Unit>
        <Unit filename="sdk\wxscintilla\src\scintilla\src\DocumentAccessor.h">
            <Option compilerVar="CPP" />
            <Option compile="0" />
            <Option link="0" />
            <Option target="wxscintilla" />
        </Unit>
        <Unit filename="sdk\wxscintilla\src\scintilla\src\Editor.cxx">
            <Option compilerVar="CPP" />
            <Option target="wxscintilla" />
        </Unit>
        <Unit filename="sdk\wxscintilla\src\scintilla\src\Editor.h">
            <Option compilerVar="CPP" />
            <Option compile="0" />
            <Option link="0" />
            <Option target="wxscintilla" />
        </Unit>
        <Unit filename="sdk\wxscintilla\src\scintilla\src\ExternalLexer.cxx">
            <Option compilerVar="CPP" />
            <Option target="wxscintilla" />
        </Unit>
        <Unit filename="sdk\wxscintilla\src\scintilla\src\ExternalLexer.h">
            <Option compilerVar="CPP" />
            <Option compile="0" />
            <Option link="0" />
            <Option target="wxscintilla" />
        </Unit>
        <Unit filename="sdk\wxscintilla\src\scintilla\src\Indicator.cxx">
            <Option compilerVar="CPP" />
            <Option target="wxscintilla" />
        </Unit>
        <Unit filename="sdk\wxscintilla\src\scintilla\src\Indicator.h">
            <Option compilerVar="CPP" />
            <Option compile="0" />
            <Option link="0" />
            <Option target="wxscintilla" />
        </Unit>
        <Unit filename="sdk\wxscintilla\src\scintilla\src\KeyMap.cxx">
            <Option compilerVar="CPP" />
            <Option target="wxscintilla" />
        </Unit>
        <Unit filename="sdk\wxscintilla\src\scintilla\src\KeyMap.h">
            <Option compilerVar="CPP" />
            <Option compile="0" />
            <Option link="0" />
            <Option target="wxscintilla" />
        </Unit>
        <Unit filename="sdk\wxscintilla\src\scintilla\src\KeyWords.cxx">
            <Option compilerVar="CPP" />
            <Option target="wxscintilla" />
        </Unit>
        <Unit filename="sdk\wxscintilla\src\scintilla\src\LexAPDL.cxx">
            <Option compilerVar="CPP" />
            <Option target="wxscintilla" />
        </Unit>
        <Unit filename="sdk\wxscintilla\src\scintilla\src\LexAU3.cxx">
            <Option compilerVar="CPP" />
            <Option target="wxscintilla" />
        </Unit>
        <Unit filename="sdk\wxscintilla\src\scintilla\src\LexAVE.cxx">
            <Option compilerVar="CPP" />
            <Option target="wxscintilla" />
        </Unit>
        <Unit filename="sdk\wxscintilla\src\scintilla\src\LexAda.cxx">
            <Option compilerVar="CPP" />
            <Option target="wxscintilla" />
        </Unit>
        <Unit filename="sdk\wxscintilla\src\scintilla\src\LexAsm.cxx">
            <Option compilerVar="CPP" />
            <Option target="wxscintilla" />
        </Unit>
        <Unit filename="sdk\wxscintilla\src\scintilla\src\LexAsn1.cxx">
            <Option compilerVar="CPP" />
            <Option target="wxscintilla" />
        </Unit>
        <Unit filename="sdk\wxscintilla\src\scintilla\src\LexBaan.cxx">
            <Option compilerVar="CPP" />
            <Option target="wxscintilla" />
        </Unit>
        <Unit filename="sdk\wxscintilla\src\scintilla\src\LexBash.cxx">
            <Option compilerVar="CPP" />
            <Option target="wxscintilla" />
        </Unit>
        <Unit filename="sdk\wxscintilla\src\scintilla\src\LexBasic.cxx">
            <Option compilerVar="CPP" />
            <Option target="wxscintilla" />
        </Unit>
        <Unit filename="sdk\wxscintilla\src\scintilla\src\LexBullant.cxx">
            <Option compilerVar="CPP" />
            <Option target="wxscintilla" />
        </Unit>
        <Unit filename="sdk\wxscintilla\src\scintilla\src\LexCLW.cxx">
            <Option compilerVar="CPP" />
            <Option target="wxscintilla" />
        </Unit>
        <Unit filename="sdk\wxscintilla\src\scintilla\src\LexCPP.cxx">
            <Option compilerVar="CPP" />
            <Option target="wxscintilla" />
        </Unit>
        <Unit filename="sdk\wxscintilla\src\scintilla\src\LexCSS.cxx">
            <Option compilerVar="CPP" />
            <Option target="wxscintilla" />
        </Unit>
        <Unit filename="sdk\wxscintilla\src\scintilla\src\LexCaml.cxx">
            <Option compilerVar="CPP" />
            <Option target="wxscintilla" />
        </Unit>
        <Unit filename="sdk\wxscintilla\src\scintilla\src\LexConf.cxx">
            <Option compilerVar="CPP" />
            <Option target="wxscintilla" />
        </Unit>
        <Unit filename="sdk\wxscintilla\src\scintilla\src\LexCrontab.cxx">
            <Option compilerVar="CPP" />
            <Option target="wxscintilla" />
        </Unit>
        <Unit filename="sdk\wxscintilla\src\scintilla\src\LexCsound.cxx">
            <Option compilerVar="CPP" />
            <Option target="wxscintilla" />
        </Unit>
        <Unit filename="sdk\wxscintilla\src\scintilla\src\LexEScript.cxx">
            <Option compilerVar="CPP" />
            <Option target="wxscintilla" />
        </Unit>
        <Unit filename="sdk\wxscintilla\src\scintilla\src\LexEiffel.cxx">
            <Option compilerVar="CPP" />
            <Option target="wxscintilla" />
        </Unit>
        <Unit filename="sdk\wxscintilla\src\scintilla\src\LexErlang.cxx">
            <Option compilerVar="CPP" />
            <Option target="wxscintilla" />
        </Unit>
        <Unit filename="sdk\wxscintilla\src\scintilla\src\LexFlagship.cxx">
            <Option compilerVar="CPP" />
            <Option target="wxscintilla" />
        </Unit>
        <Unit filename="sdk\wxscintilla\src\scintilla\src\LexForth.cxx">
            <Option compilerVar="CPP" />
            <Option target="wxscintilla" />
        </Unit>
        <Unit filename="sdk\wxscintilla\src\scintilla\src\LexFortran.cxx">
            <Option compilerVar="CPP" />
            <Option target="wxscintilla" />
        </Unit>
        <Unit filename="sdk\wxscintilla\src\scintilla\src\LexGui4Cli.cxx">
            <Option compilerVar="CPP" />
            <Option target="wxscintilla" />
        </Unit>
        <Unit filename="sdk\wxscintilla\src\scintilla\src\LexHTML.cxx">
            <Option compilerVar="CPP" />
            <Option target="wxscintilla" />
        </Unit>
        <Unit filename="sdk\wxscintilla\src\scintilla\src\LexHaskell.cxx">
            <Option compilerVar="CPP" />
            <Option target="wxscintilla" />
        </Unit>
        <Unit filename="sdk\wxscintilla\src\scintilla\src\LexInno.cxx">
            <Option compilerVar="CPP" />
            <Option target="wxscintilla" />
        </Unit>
        <Unit filename="sdk\wxscintilla\src\scintilla\src\LexKix.cxx">
            <Option compilerVar="CPP" />
            <Option target="wxscintilla" />
        </Unit>
        <Unit filename="sdk\wxscintilla\src\scintilla\src\LexLisp.cxx">
            <Option compilerVar="CPP" />
            <Option target="wxscintilla" />
        </Unit>
        <Unit filename="sdk\wxscintilla\src\scintilla\src\LexLout.cxx">
            <Option compilerVar="CPP" />
            <Option target="wxscintilla" />
        </Unit>
        <Unit filename="sdk\wxscintilla\src\scintilla\src\LexLua.cxx">
            <Option compilerVar="CPP" />
            <Option target="wxscintilla" />
        </Unit>
        <Unit filename="sdk\wxscintilla\src\scintilla\src\LexMMIXAL.cxx">
            <Option compilerVar="CPP" />
            <Option target="wxscintilla" />
        </Unit>
        <Unit filename="sdk\wxscintilla\src\scintilla\src\LexMPT.cxx">
            <Option compilerVar="CPP" />
            <Option target="wxscintilla" />
        </Unit>
        <Unit filename="sdk\wxscintilla\src\scintilla\src\LexMSSQL.cxx">
            <Option compilerVar="CPP" />
            <Option target="wxscintilla" />
        </Unit>
        <Unit filename="sdk\wxscintilla\src\scintilla\src\LexMatlab.cxx">
            <Option compilerVar="CPP" />
            <Option target="wxscintilla" />
        </Unit>
        <Unit filename="sdk\wxscintilla\src\scintilla\src\LexMetapost.cxx">
            <Option compilerVar="CPP" />
            <Option target="wxscintilla" />
        </Unit>
        <Unit filename="sdk\wxscintilla\src\scintilla\src\LexNsis.cxx">
            <Option compilerVar="CPP" />
            <Option target="wxscintilla" />
        </Unit>
        <Unit filename="sdk\wxscintilla\src\scintilla\src\LexOpal.cxx">
            <Option compilerVar="CPP" />
            <Option target="wxscintilla" />
        </Unit>
        <Unit filename="sdk\wxscintilla\src\scintilla\src\LexOthers.cxx">
            <Option compilerVar="CPP" />
            <Option target="wxscintilla" />
        </Unit>
        <Unit filename="sdk\wxscintilla\src\scintilla\src\LexPB.cxx">
            <Option compilerVar="CPP" />
            <Option target="wxscintilla" />
        </Unit>
        <Unit filename="sdk\wxscintilla\src\scintilla\src\LexPOV.cxx">
            <Option compilerVar="CPP" />
            <Option target="wxscintilla" />
        </Unit>
        <Unit filename="sdk\wxscintilla\src\scintilla\src\LexPS.cxx">
            <Option compilerVar="CPP" />
            <Option target="wxscintilla" />
        </Unit>
        <Unit filename="sdk\wxscintilla\src\scintilla\src\LexPascal.cxx">
            <Option compilerVar="CPP" />
            <Option target="wxscintilla" />
        </Unit>
        <Unit filename="sdk\wxscintilla\src\scintilla\src\LexPerl.cxx">
            <Option compilerVar="CPP" />
            <Option target="wxscintilla" />
        </Unit>
        <Unit filename="sdk\wxscintilla\src\scintilla\src\LexPython.cxx">
            <Option compilerVar="CPP" />
            <Option target="wxscintilla" />
        </Unit>
        <Unit filename="sdk\wxscintilla\src\scintilla\src\LexRebol.cxx">
            <Option compilerVar="CPP" />
            <Option target="wxscintilla" />
        </Unit>
        <Unit filename="sdk\wxscintilla\src\scintilla\src\LexRuby.cxx">
            <Option compilerVar="CPP" />
            <Option target="wxscintilla" />
        </Unit>
        <Unit filename="sdk\wxscintilla\src\scintilla\src\LexSQL.cxx">
            <Option compilerVar="CPP" />
            <Option target="wxscintilla" />
        </Unit>
        <Unit filename="sdk\wxscintilla\src\scintilla\src\LexScriptol.cxx">
            <Option compilerVar="CPP" />
            <Option target="wxscintilla" />
        </Unit>
        <Unit filename="sdk\wxscintilla\src\scintilla\src\LexSmalltalk.cxx">
            <Option compilerVar="CPP" />
            <Option target="wxscintilla" />
        </Unit>
        <Unit filename="sdk\wxscintilla\src\scintilla\src\LexSpecman.cxx">
            <Option compilerVar="CPP" />
            <Option target="wxscintilla" />
        </Unit>
        <Unit filename="sdk\wxscintilla\src\scintilla\src\LexSpice.cxx">
            <Option compilerVar="CPP" />
            <Option target="wxscintilla" />
        </Unit>
        <Unit filename="sdk\wxscintilla\src\scintilla\src\LexTADS3.cxx">
            <Option compilerVar="CPP" />
            <Option target="wxscintilla" />
        </Unit>
        <Unit filename="sdk\wxscintilla\src\scintilla\src\LexTCL.cxx">
            <Option compilerVar="CPP" />
            <Option target="wxscintilla" />
        </Unit>
        <Unit filename="sdk\wxscintilla\src\scintilla\src\LexTeX.cxx">
            <Option compilerVar="CPP" />
            <Option target="wxscintilla" />
        </Unit>
        <Unit filename="sdk\wxscintilla\src\scintilla\src\LexVB.cxx">
            <Option compilerVar="CPP" />
            <Option target="wxscintilla" />
        </Unit>
        <Unit filename="sdk\wxscintilla\src\scintilla\src\LexVHDL.cxx">
            <Option compilerVar="CPP" />
            <Option target="wxscintilla" />
        </Unit>
        <Unit filename="sdk\wxscintilla\src\scintilla\src\LexVerilog.cxx">
            <Option compilerVar="CPP" />
            <Option target="wxscintilla" />
        </Unit>
        <Unit filename="sdk\wxscintilla\src\scintilla\src\LexYAML.cxx">
            <Option compilerVar="CPP" />
            <Option target="wxscintilla" />
        </Unit>
        <Unit filename="sdk\wxscintilla\src\scintilla\src\LineMarker.cxx">
            <Option compilerVar="CPP" />
            <Option target="wxscintilla" />
        </Unit>
        <Unit filename="sdk\wxscintilla\src\scintilla\src\LineMarker.h">
            <Option compilerVar="CPP" />
            <Option compile="0" />
            <Option link="0" />
            <Option target="wxscintilla" />
        </Unit>
        <Unit filename="sdk\wxscintilla\src\scintilla\src\PropSet.cxx">
            <Option compilerVar="CPP" />
            <Option target="wxscintilla" />
        </Unit>
        <Unit filename="sdk\wxscintilla\src\scintilla\src\RESearch.cxx">
            <Option compilerVar="CPP" />
            <Option target="wxscintilla" />
        </Unit>
        <Unit filename="sdk\wxscintilla\src\scintilla\src\RESearch.h">
            <Option compilerVar="CPP" />
            <Option compile="0" />
            <Option link="0" />
            <Option target="wxscintilla" />
        </Unit>
        <Unit filename="sdk\wxscintilla\src\scintilla\src\SVector.h">
            <Option compilerVar="CPP" />
            <Option compile="0" />
            <Option link="0" />
            <Option target="wxscintilla" />
        </Unit>
        <Unit filename="sdk\wxscintilla\src\scintilla\src\ScintillaBase.cxx">
            <Option compilerVar="CPP" />
            <Option target="wxscintilla" />
        </Unit>
        <Unit filename="sdk\wxscintilla\src\scintilla\src\ScintillaBase.h">
            <Option compilerVar="CPP" />
            <Option compile="0" />
            <Option link="0" />
            <Option target="wxscintilla" />
        </Unit>
        <Unit filename="sdk\wxscintilla\src\scintilla\src\Style.cxx">
            <Option compilerVar="CPP" />
            <Option target="wxscintilla" />
        </Unit>
        <Unit filename="sdk\wxscintilla\src\scintilla\src\Style.h">
            <Option compilerVar="CPP" />
            <Option compile="0" />
            <Option link="0" />
            <Option target="wxscintilla" />
        </Unit>
        <Unit filename="sdk\wxscintilla\src\scintilla\src\StyleContext.cxx">
            <Option compilerVar="CPP" />
            <Option target="wxscintilla" />
        </Unit>
        <Unit filename="sdk\wxscintilla\src\scintilla\src\StyleContext.h">
            <Option compilerVar="CPP" />
            <Option compile="0" />
            <Option link="0" />
            <Option target="wxscintilla" />
        </Unit>
        <Unit filename="sdk\wxscintilla\src\scintilla\src\UniConversion.cxx">
            <Option compilerVar="CPP" />
            <Option target="wxscintilla" />
        </Unit>
        <Unit filename="sdk\wxscintilla\src\scintilla\src\UniConversion.h">
            <Option compilerVar="CPP" />
            <Option compile="0" />
            <Option link="0" />
            <Option target="wxscintilla" />
        </Unit>
        <Unit filename="sdk\wxscintilla\src\scintilla\src\ViewStyle.cxx">
            <Option compilerVar="CPP" />
            <Option target="wxscintilla" />
        </Unit>
        <Unit filename="sdk\wxscintilla\src\scintilla\src\ViewStyle.h">
            <Option compilerVar="CPP" />
            <Option compile="0" />
            <Option link="0" />
            <Option target="wxscintilla" />
        </Unit>
        <Unit filename="sdk\wxscintilla\src\scintilla\src\WindowAccessor.cxx">
            <Option compilerVar="CPP" />
            <Option target="wxscintilla" />
        </Unit>
        <Unit filename="sdk\wxscintilla\src\scintilla\src\XPM.cxx">
            <Option compilerVar="CPP" />
            <Option target="wxscintilla" />
        </Unit>
        <Unit filename="sdk\wxscintilla\src\scintilla\src\XPM.h">
            <Option compilerVar="CPP" />
            <Option compile="0" />
            <Option link="0" />
            <Option target="wxscintilla" />
        </Unit>
        <Unit filename="sdk\wxscintilla\src\wxscintilla.cpp">
            <Option compilerVar="CPP" />
            <Option target="wxscintilla" />
        </Unit>
        <Unit filename="sdk\wxsqlite3\include\wx\wxsqlite3.h">
            <Option compilerVar="CPP" />
            <Option compile="0" />
            <Option link="0" />
            <Option target="wxsqlite3" />
        </Unit>
        <Unit filename="sdk\wxsqlite3\include\wx\wxsqlite3def.h">
            <Option compilerVar="CPP" />
            <Option compile="0" />
            <Option link="0" />
            <Option target="wxsqlite3" />
        </Unit>
        <Unit filename="sdk\wxsqlite3\include\wx\wxsqlite3dyn.h">
            <Option compilerVar="CPP" />
            <Option compile="0" />
            <Option link="0" />
            <Option target="wxsqlite3" />
        </Unit>
        <Unit filename="sdk\wxsqlite3\src\wxsqlite3.cpp">
            <Option compilerVar="CPP" />
            <Option target="wxsqlite3" />
        </Unit>
        <Extensions />
    </Project>
</CodeBlocks_project_file>
